Microsoft Visual Studio Solution File, Format Version 12.00
# Visual Studio 15
VisualStudioVersion = 15.0.26430.12
MinimumVisualStudioVersion = 10.0.40219.1
Project("{8BC9CEB8-8B4A-11D0-8D11-00A0C91BC942}") = "libtorrent", "sln\libtorrent\libtorrent.vcxproj", "{333ECB6F-575B-4B11-BDDA-3E7F7555BAD8}"
EndProject
Project("{930C7802-8A8C-48F9-8165-68863BCCD9DD}") = "HaliteWix", "sln\HaliteWix\HaliteWix.wixproj", "{96B9F803-98BB-4398-A0B6-77AB9143222F}"
	ProjectSection(ProjectDependencies) = postProject
		{ED987C84-FFF9-4656-8F27-2A65FC0847FD} = {ED987C84-FFF9-4656-8F27-2A65FC0847FD}
	EndProjectSection
EndProject
Project("{8BC9CEB8-8B4A-11D0-8D11-00A0C91BC942}") = "halTorrent", "sln\halTorrent\halTorrent.vcxproj", "{A7D202BB-9362-40C7-82BE-F448A2FAE073}"
	ProjectSection(ProjectDependencies) = postProject
		{333ECB6F-575B-4B11-BDDA-3E7F7555BAD8} = {333ECB6F-575B-4B11-BDDA-3E7F7555BAD8}
	EndProjectSection
EndProject
Project("{8BC9CEB8-8B4A-11D0-8D11-00A0C91BC942}") = "Halite", "sln\Halite\Halite.vcxproj", "{43385752-70D1-4409-8F62-99E14DCC8CDC}"
EndProject
Global
	GlobalSection(SolutionConfigurationPlatforms) = preSolution
		Debug|Mixed Platforms = Debug|Mixed Platforms
		Debug|Win32 = Debug|Win32
		Debug|x64 = Debug|x64
		Debug|x86 = Debug|x86
		Release|Mixed Platforms = Release|Mixed Platforms
		Release|Win32 = Release|Win32
		Release|x64 = Release|x64
		Release|x86 = Release|x86
	EndGlobalSection
	GlobalSection(ProjectConfigurationPlatforms) = postSolution
		{333ECB6F-575B-4B11-BDDA-3E7F7555BAD8}.Debug|Mixed Platforms.ActiveCfg = Debug|x64
		{333ECB6F-575B-4B11-BDDA-3E7F7555BAD8}.Debug|Mixed Platforms.Build.0 = Debug|x64
		{333ECB6F-575B-4B11-BDDA-3E7F7555BAD8}.Debug|Win32.ActiveCfg = Debug|Win32
		{333ECB6F-575B-4B11-BDDA-3E7F7555BAD8}.Debug|Win32.Build.0 = Debug|Win32
		{333ECB6F-575B-4B11-BDDA-3E7F7555BAD8}.Debug|x64.ActiveCfg = Debug|x64
		{333ECB6F-575B-4B11-BDDA-3E7F7555BAD8}.Debug|x64.Build.0 = Debug|x64
		{333ECB6F-575B-4B11-BDDA-3E7F7555BAD8}.Debug|x86.ActiveCfg = Debug|x64
		{333ECB6F-575B-4B11-BDDA-3E7F7555BAD8}.Release|Mixed Platforms.ActiveCfg = Release|x64
		{333ECB6F-575B-4B11-BDDA-3E7F7555BAD8}.Release|Mixed Platforms.Build.0 = Release|x64
		{333ECB6F-575B-4B11-BDDA-3E7F7555BAD8}.Release|Win32.ActiveCfg = Release|Win32
		{333ECB6F-575B-4B11-BDDA-3E7F7555BAD8}.Release|Win32.Build.0 = Release|Win32
		{333ECB6F-575B-4B11-BDDA-3E7F7555BAD8}.Release|x64.ActiveCfg = Release|x64
		{333ECB6F-575B-4B11-BDDA-3E7F7555BAD8}.Release|x64.Build.0 = Release|x64
		{333ECB6F-575B-4B11-BDDA-3E7F7555BAD8}.Release|x86.ActiveCfg = Release|Win32
		{96B9F803-98BB-4398-A0B6-77AB9143222F}.Debug|Mixed Platforms.ActiveCfg = Debug|x64
		{96B9F803-98BB-4398-A0B6-77AB9143222F}.Debug|Mixed Platforms.Build.0 = Debug|x64
		{96B9F803-98BB-4398-A0B6-77AB9143222F}.Debug|Win32.ActiveCfg = Debug|x86
		{96B9F803-98BB-4398-A0B6-77AB9143222F}.Debug|x64.ActiveCfg = Debug|x64
		{96B9F803-98BB-4398-A0B6-77AB9143222F}.Debug|x86.ActiveCfg = Debug|x86
		{96B9F803-98BB-4398-A0B6-77AB9143222F}.Debug|x86.Build.0 = Debug|x86
		{96B9F803-98BB-4398-A0B6-77AB9143222F}.Release|Mixed Platforms.ActiveCfg = Release|x64
		{96B9F803-98BB-4398-A0B6-77AB9143222F}.Release|Mixed Platforms.Build.0 = Release|x64
		{96B9F803-98BB-4398-A0B6-77AB9143222F}.Release|Win32.ActiveCfg = Release|x86
		{96B9F803-98BB-4398-A0B6-77AB9143222F}.Release|Win32.Build.0 = Release|x86
		{96B9F803-98BB-4398-A0B6-77AB9143222F}.Release|x64.ActiveCfg = Release|x64
		{96B9F803-98BB-4398-A0B6-77AB9143222F}.Release|x64.Build.0 = Release|x64
		{96B9F803-98BB-4398-A0B6-77AB9143222F}.Release|x86.ActiveCfg = Release|x86
		{96B9F803-98BB-4398-A0B6-77AB9143222F}.Release|x86.Build.0 = Release|x86
		{A7D202BB-9362-40C7-82BE-F448A2FAE073}.Debug|Mixed Platforms.ActiveCfg = Debug|Win32
		{A7D202BB-9362-40C7-82BE-F448A2FAE073}.Debug|Mixed Platforms.Build.0 = Debug|Win32
		{A7D202BB-9362-40C7-82BE-F448A2FAE073}.Debug|Win32.ActiveCfg = Debug|Win32
		{A7D202BB-9362-40C7-82BE-F448A2FAE073}.Debug|Win32.Build.0 = Debug|Win32
		{A7D202BB-9362-40C7-82BE-F448A2FAE073}.Debug|x64.ActiveCfg = Debug|x64
		{A7D202BB-9362-40C7-82BE-F448A2FAE073}.Debug|x64.Build.0 = Debug|x64
		{A7D202BB-9362-40C7-82BE-F448A2FAE073}.Debug|x86.ActiveCfg = Debug|Win32
		{A7D202BB-9362-40C7-82BE-F448A2FAE073}.Debug|x86.Build.0 = Debug|Win32
		{A7D202BB-9362-40C7-82BE-F448A2FAE073}.Release|Mixed Platforms.ActiveCfg = Release|Win32
		{A7D202BB-9362-40C7-82BE-F448A2FAE073}.Release|Mixed Platforms.Build.0 = Release|Win32
		{A7D202BB-9362-40C7-82BE-F448A2FAE073}.Release|Win32.ActiveCfg = Release|Win32
		{A7D202BB-9362-40C7-82BE-F448A2FAE073}.Release|Win32.Build.0 = Release|Win32
		{A7D202BB-9362-40C7-82BE-F448A2FAE073}.Release|x64.ActiveCfg = Release|x64
		{A7D202BB-9362-40C7-82BE-F448A2FAE073}.Release|x64.Build.0 = Release|x64
		{A7D202BB-9362-40C7-82BE-F448A2FAE073}.Release|x86.ActiveCfg = Release|Win32
		{A7D202BB-9362-40C7-82BE-F448A2FAE073}.Release|x86.Build.0 = Release|Win32
		{43385752-70D1-4409-8F62-99E14DCC8CDC}.Debug|Mixed Platforms.ActiveCfg = Debug|Win32
		{43385752-70D1-4409-8F62-99E14DCC8CDC}.Debug|Mixed Platforms.Build.0 = Debug|Win32
		{43385752-70D1-4409-8F62-99E14DCC8CDC}.Debug|Win32.ActiveCfg = Debug|Win32
		{43385752-70D1-4409-8F62-99E14DCC8CDC}.Debug|Win32.Build.0 = Debug|Win32
		{43385752-70D1-4409-8F62-99E14DCC8CDC}.Debug|x64.ActiveCfg = Debug|x64
		{43385752-70D1-4409-8F62-99E14DCC8CDC}.Debug|x64.Build.0 = Debug|x64
		{43385752-70D1-4409-8F62-99E14DCC8CDC}.Debug|x86.ActiveCfg = Debug|Win32
		{43385752-70D1-4409-8F62-99E14DCC8CDC}.Debug|x86.Build.0 = Debug|Win32
		{43385752-70D1-4409-8F62-99E14DCC8CDC}.Release|Mixed Platforms.ActiveCfg = Release|Win32
		{43385752-70D1-4409-8F62-99E14DCC8CDC}.Release|Mixed Platforms.Build.0 = Release|Win32
		{43385752-70D1-4409-8F62-99E14DCC8CDC}.Release|Win32.ActiveCfg = Release|Win32
		{43385752-70D1-4409-8F62-99E14DCC8CDC}.Release|Win32.Build.0 = Release|Win32
		{43385752-70D1-4409-8F62-99E14DCC8CDC}.Release|x64.ActiveCfg = Release|x64
		{43385752-70D1-4409-8F62-99E14DCC8CDC}.Release|x64.Build.0 = Release|x64
		{43385752-70D1-4409-8F62-99E14DCC8CDC}.Release|x86.ActiveCfg = Release|Win32
		{43385752-70D1-4409-8F62-99E14DCC8CDC}.Release|x86.Build.0 = Release|Win32
	EndGlobalSection
	GlobalSection(SolutionProperties) = preSolution
		HideSolutionNode = FALSE
	EndGlobalSection
EndGlobal
