Microsoft Visual Studio Solution File, Format Version 12.00
# Visual Studio 2013
VisualStudioVersion = 12.0.20827.3
MinimumVisualStudioVersion = 10.0.40219.1
Project("{8BC9CEB8-8B4A-11D0-8D11-00A0C91BC942}") = "Halite", "sln\Halite\Halite.vcxproj", "{ED987C84-FFF9-4656-8F27-2A65FC0847FD}"
EndProject
Project("{8BC9CEB8-8B4A-11D0-8D11-00A0C91BC942}") = "libtorrent", "sln\libtorrent\libtorrent.vcxproj", "{333ECB6F-575B-4B11-BDDA-3E7F7555BAD8}"
EndProject
Project("{930C7802-8A8C-48F9-8165-68863BCCD9DD}") = "HaliteWix", "sln\HaliteWix\HaliteWix.wixproj", "{96B9F803-98BB-4398-A0B6-77AB9143222F}"
	ProjectSection(ProjectDependencies) = postProject
		{ED987C84-FFF9-4656-8F27-2A65FC0847FD} = {ED987C84-FFF9-4656-8F27-2A65FC0847FD}
	EndProjectSection
EndProject
Project("{8BC9CEB8-8B4A-11D0-8D11-00A0C91BC942}") = "ClientTest", "sln\libtorrent\ClientTest\ClientTest.vcxproj", "{67F0629E-04ED-4CF3-BC02-4A49B4919F05}"
EndProject
Project("{8BC9CEB8-8B4A-11D0-8D11-00A0C91BC942}") = "halTorrent", "sln\halTorrent\halTorrent.vcxproj", "{9EE1FB67-715D-406D-8777-1D54C29896AE}"
EndProject
Project("{8BC9CEB8-8B4A-11D0-8D11-00A0C91BC942}") = "DumpTorrent", "sln\libtorrent\DumpTorrent\DumpTorrent.vcxproj", "{1669B1B5-A048-440A-B868-DDD1DBAA47FD}"
	ProjectSection(ProjectDependencies) = postProject
		{333ECB6F-575B-4B11-BDDA-3E7F7555BAD8} = {333ECB6F-575B-4B11-BDDA-3E7F7555BAD8}
	EndProjectSection
EndProject
Global
	GlobalSection(SolutionConfigurationPlatforms) = preSolution
		Debug|Mixed Platforms = Debug|Mixed Platforms
		Debug|Win32 = Debug|Win32
		Debug|x64 = Debug|x64
		Debug|x86 = Debug|x86
		Release Logging|Mixed Platforms = Release Logging|Mixed Platforms
		Release Logging|Win32 = Release Logging|Win32
		Release Logging|x64 = Release Logging|x64
		Release Logging|x86 = Release Logging|x86
		Release Small|Mixed Platforms = Release Small|Mixed Platforms
		Release Small|Win32 = Release Small|Win32
		Release Small|x64 = Release Small|x64
		Release Small|x86 = Release Small|x86
		Release|Mixed Platforms = Release|Mixed Platforms
		Release|Win32 = Release|Win32
		Release|x64 = Release|x64
		Release|x86 = Release|x86
	EndGlobalSection
	GlobalSection(ProjectConfigurationPlatforms) = postSolution
		{ED987C84-FFF9-4656-8F27-2A65FC0847FD}.Debug|Mixed Platforms.ActiveCfg = Debug|x64
		{ED987C84-FFF9-4656-8F27-2A65FC0847FD}.Debug|Mixed Platforms.Build.0 = Debug|x64
		{ED987C84-FFF9-4656-8F27-2A65FC0847FD}.Debug|Win32.ActiveCfg = Debug|Win32
		{ED987C84-FFF9-4656-8F27-2A65FC0847FD}.Debug|Win32.Build.0 = Debug|Win32
		{ED987C84-FFF9-4656-8F27-2A65FC0847FD}.Debug|x64.ActiveCfg = Debug|x64
		{ED987C84-FFF9-4656-8F27-2A65FC0847FD}.Debug|x64.Build.0 = Debug|x64
		{ED987C84-FFF9-4656-8F27-2A65FC0847FD}.Debug|x86.ActiveCfg = Debug|x64
		{ED987C84-FFF9-4656-8F27-2A65FC0847FD}.Release Logging|Mixed Platforms.ActiveCfg = Release|Win32
		{ED987C84-FFF9-4656-8F27-2A65FC0847FD}.Release Logging|Mixed Platforms.Build.0 = Release|Win32
		{ED987C84-FFF9-4656-8F27-2A65FC0847FD}.Release Logging|Win32.ActiveCfg = Release|Win32
		{ED987C84-FFF9-4656-8F27-2A65FC0847FD}.Release Logging|Win32.Build.0 = Release|Win32
		{ED987C84-FFF9-4656-8F27-2A65FC0847FD}.Release Logging|x64.ActiveCfg = Release|x64
		{ED987C84-FFF9-4656-8F27-2A65FC0847FD}.Release Logging|x64.Build.0 = Release|x64
		{ED987C84-FFF9-4656-8F27-2A65FC0847FD}.Release Logging|x86.ActiveCfg = Release|Win32
		{ED987C84-FFF9-4656-8F27-2A65FC0847FD}.Release Logging|x86.Build.0 = Release|Win32
		{ED987C84-FFF9-4656-8F27-2A65FC0847FD}.Release Small|Mixed Platforms.ActiveCfg = Release|Win32
		{ED987C84-FFF9-4656-8F27-2A65FC0847FD}.Release Small|Mixed Platforms.Build.0 = Release|Win32
		{ED987C84-FFF9-4656-8F27-2A65FC0847FD}.Release Small|Win32.ActiveCfg = Release|Win32
		{ED987C84-FFF9-4656-8F27-2A65FC0847FD}.Release Small|Win32.Build.0 = Release|Win32
		{ED987C84-FFF9-4656-8F27-2A65FC0847FD}.Release Small|x64.ActiveCfg = Release|x64
		{ED987C84-FFF9-4656-8F27-2A65FC0847FD}.Release Small|x64.Build.0 = Release|x64
		{ED987C84-FFF9-4656-8F27-2A65FC0847FD}.Release Small|x86.ActiveCfg = Release|Win32
		{ED987C84-FFF9-4656-8F27-2A65FC0847FD}.Release Small|x86.Build.0 = Release|Win32
		{ED987C84-FFF9-4656-8F27-2A65FC0847FD}.Release|Mixed Platforms.ActiveCfg = Release|x64
		{ED987C84-FFF9-4656-8F27-2A65FC0847FD}.Release|Mixed Platforms.Build.0 = Release|x64
		{ED987C84-FFF9-4656-8F27-2A65FC0847FD}.Release|Win32.ActiveCfg = Release|Win32
		{ED987C84-FFF9-4656-8F27-2A65FC0847FD}.Release|Win32.Build.0 = Release|Win32
		{ED987C84-FFF9-4656-8F27-2A65FC0847FD}.Release|x64.ActiveCfg = Release|x64
		{ED987C84-FFF9-4656-8F27-2A65FC0847FD}.Release|x64.Build.0 = Release|x64
		{ED987C84-FFF9-4656-8F27-2A65FC0847FD}.Release|x86.ActiveCfg = Release|Win32
		{333ECB6F-575B-4B11-BDDA-3E7F7555BAD8}.Debug|Mixed Platforms.ActiveCfg = Debug|x64
		{333ECB6F-575B-4B11-BDDA-3E7F7555BAD8}.Debug|Mixed Platforms.Build.0 = Debug|x64
		{333ECB6F-575B-4B11-BDDA-3E7F7555BAD8}.Debug|Win32.ActiveCfg = Debug|Win32
		{333ECB6F-575B-4B11-BDDA-3E7F7555BAD8}.Debug|Win32.Build.0 = Debug|Win32
		{333ECB6F-575B-4B11-BDDA-3E7F7555BAD8}.Debug|x64.ActiveCfg = Debug|x64
		{333ECB6F-575B-4B11-BDDA-3E7F7555BAD8}.Debug|x64.Build.0 = Debug|x64
		{333ECB6F-575B-4B11-BDDA-3E7F7555BAD8}.Debug|x86.ActiveCfg = Debug|x64
		{333ECB6F-575B-4B11-BDDA-3E7F7555BAD8}.Release Logging|Mixed Platforms.ActiveCfg = Release|Win32
		{333ECB6F-575B-4B11-BDDA-3E7F7555BAD8}.Release Logging|Mixed Platforms.Build.0 = Release|Win32
		{333ECB6F-575B-4B11-BDDA-3E7F7555BAD8}.Release Logging|Win32.ActiveCfg = Release|Win32
		{333ECB6F-575B-4B11-BDDA-3E7F7555BAD8}.Release Logging|Win32.Build.0 = Release|Win32
		{333ECB6F-575B-4B11-BDDA-3E7F7555BAD8}.Release Logging|x64.ActiveCfg = Release|x64
		{333ECB6F-575B-4B11-BDDA-3E7F7555BAD8}.Release Logging|x64.Build.0 = Release|x64
		{333ECB6F-575B-4B11-BDDA-3E7F7555BAD8}.Release Logging|x86.ActiveCfg = Release|Win32
		{333ECB6F-575B-4B11-BDDA-3E7F7555BAD8}.Release Logging|x86.Build.0 = Release|Win32
		{333ECB6F-575B-4B11-BDDA-3E7F7555BAD8}.Release Small|Mixed Platforms.ActiveCfg = Release|Win32
		{333ECB6F-575B-4B11-BDDA-3E7F7555BAD8}.Release Small|Mixed Platforms.Build.0 = Release|Win32
		{333ECB6F-575B-4B11-BDDA-3E7F7555BAD8}.Release Small|Win32.ActiveCfg = Release|Win32
		{333ECB6F-575B-4B11-BDDA-3E7F7555BAD8}.Release Small|Win32.Build.0 = Release|Win32
		{333ECB6F-575B-4B11-BDDA-3E7F7555BAD8}.Release Small|x64.ActiveCfg = Release|x64
		{333ECB6F-575B-4B11-BDDA-3E7F7555BAD8}.Release Small|x64.Build.0 = Release|x64
		{333ECB6F-575B-4B11-BDDA-3E7F7555BAD8}.Release Small|x86.ActiveCfg = Release|Win32
		{333ECB6F-575B-4B11-BDDA-3E7F7555BAD8}.Release Small|x86.Build.0 = Release|Win32
		{333ECB6F-575B-4B11-BDDA-3E7F7555BAD8}.Release|Mixed Platforms.ActiveCfg = Release|x64
		{333ECB6F-575B-4B11-BDDA-3E7F7555BAD8}.Release|Mixed Platforms.Build.0 = Release|x64
		{333ECB6F-575B-4B11-BDDA-3E7F7555BAD8}.Release|Win32.ActiveCfg = Release|Win32
		{333ECB6F-575B-4B11-BDDA-3E7F7555BAD8}.Release|Win32.Build.0 = Release|Win32
		{333ECB6F-575B-4B11-BDDA-3E7F7555BAD8}.Release|x64.ActiveCfg = Release|x64
		{333ECB6F-575B-4B11-BDDA-3E7F7555BAD8}.Release|x64.Build.0 = Release|x64
		{333ECB6F-575B-4B11-BDDA-3E7F7555BAD8}.Release|x86.ActiveCfg = Release|Win32
		{96B9F803-98BB-4398-A0B6-77AB9143222F}.Debug|Mixed Platforms.ActiveCfg = Debug|x64
		{96B9F803-98BB-4398-A0B6-77AB9143222F}.Debug|Mixed Platforms.Build.0 = Debug|x64
		{96B9F803-98BB-4398-A0B6-77AB9143222F}.Debug|Win32.ActiveCfg = Debug|x86
		{96B9F803-98BB-4398-A0B6-77AB9143222F}.Debug|x64.ActiveCfg = Debug|x64
		{96B9F803-98BB-4398-A0B6-77AB9143222F}.Debug|x86.ActiveCfg = Debug|x86
		{96B9F803-98BB-4398-A0B6-77AB9143222F}.Debug|x86.Build.0 = Debug|x86
		{96B9F803-98BB-4398-A0B6-77AB9143222F}.Release Logging|Mixed Platforms.ActiveCfg = Release Small|x64
		{96B9F803-98BB-4398-A0B6-77AB9143222F}.Release Logging|Mixed Platforms.Build.0 = Release Small|x64
		{96B9F803-98BB-4398-A0B6-77AB9143222F}.Release Logging|Win32.ActiveCfg = Release|x86
		{96B9F803-98BB-4398-A0B6-77AB9143222F}.Release Logging|x64.ActiveCfg = Release|x64
		{96B9F803-98BB-4398-A0B6-77AB9143222F}.Release Logging|x86.ActiveCfg = Release|x86
		{96B9F803-98BB-4398-A0B6-77AB9143222F}.Release Logging|x86.Build.0 = Release|x86
		{96B9F803-98BB-4398-A0B6-77AB9143222F}.Release Small|Mixed Platforms.ActiveCfg = Release Small|x64
		{96B9F803-98BB-4398-A0B6-77AB9143222F}.Release Small|Mixed Platforms.Build.0 = Release Small|x64
		{96B9F803-98BB-4398-A0B6-77AB9143222F}.Release Small|Win32.ActiveCfg = Release Small|x64
		{96B9F803-98BB-4398-A0B6-77AB9143222F}.Release Small|Win32.Build.0 = Release Small|x64
		{96B9F803-98BB-4398-A0B6-77AB9143222F}.Release Small|x64.ActiveCfg = Release Small|x64
		{96B9F803-98BB-4398-A0B6-77AB9143222F}.Release Small|x64.Build.0 = Release Small|x64
		{96B9F803-98BB-4398-A0B6-77AB9143222F}.Release Small|x86.ActiveCfg = Release Small|x86
		{96B9F803-98BB-4398-A0B6-77AB9143222F}.Release Small|x86.Build.0 = Release Small|x86
		{96B9F803-98BB-4398-A0B6-77AB9143222F}.Release|Mixed Platforms.ActiveCfg = Release|x64
		{96B9F803-98BB-4398-A0B6-77AB9143222F}.Release|Mixed Platforms.Build.0 = Release|x64
		{96B9F803-98BB-4398-A0B6-77AB9143222F}.Release|Win32.ActiveCfg = Release|x86
		{96B9F803-98BB-4398-A0B6-77AB9143222F}.Release|Win32.Build.0 = Release|x86
		{96B9F803-98BB-4398-A0B6-77AB9143222F}.Release|x64.ActiveCfg = Release|x64
		{96B9F803-98BB-4398-A0B6-77AB9143222F}.Release|x64.Build.0 = Release|x64
		{96B9F803-98BB-4398-A0B6-77AB9143222F}.Release|x86.ActiveCfg = Release|x86
		{96B9F803-98BB-4398-A0B6-77AB9143222F}.Release|x86.Build.0 = Release|x86
		{67F0629E-04ED-4CF3-BC02-4A49B4919F05}.Debug|Mixed Platforms.ActiveCfg = Debug|Win32
		{67F0629E-04ED-4CF3-BC02-4A49B4919F05}.Debug|Mixed Platforms.Build.0 = Debug|Win32
		{67F0629E-04ED-4CF3-BC02-4A49B4919F05}.Debug|Win32.ActiveCfg = Debug|Win32
		{67F0629E-04ED-4CF3-BC02-4A49B4919F05}.Debug|x64.ActiveCfg = Debug|Win32
		{67F0629E-04ED-4CF3-BC02-4A49B4919F05}.Debug|x86.ActiveCfg = Debug|Win32
		{67F0629E-04ED-4CF3-BC02-4A49B4919F05}.Release Logging|Mixed Platforms.ActiveCfg = Release|Win32
		{67F0629E-04ED-4CF3-BC02-4A49B4919F05}.Release Logging|Mixed Platforms.Build.0 = Release|Win32
		{67F0629E-04ED-4CF3-BC02-4A49B4919F05}.Release Logging|Win32.ActiveCfg = Release|Win32
		{67F0629E-04ED-4CF3-BC02-4A49B4919F05}.Release Logging|x64.ActiveCfg = Release|Win32
		{67F0629E-04ED-4CF3-BC02-4A49B4919F05}.Release Logging|x86.ActiveCfg = Release|Win32
		{67F0629E-04ED-4CF3-BC02-4A49B4919F05}.Release Small|Mixed Platforms.ActiveCfg = Release Small|Win32
		{67F0629E-04ED-4CF3-BC02-4A49B4919F05}.Release Small|Mixed Platforms.Build.0 = Release Small|Win32
		{67F0629E-04ED-4CF3-BC02-4A49B4919F05}.Release Small|Win32.ActiveCfg = Release Small|Win32
		{67F0629E-04ED-4CF3-BC02-4A49B4919F05}.Release Small|x64.ActiveCfg = Release Small|Win32
		{67F0629E-04ED-4CF3-BC02-4A49B4919F05}.Release Small|x86.ActiveCfg = Release Small|Win32
		{67F0629E-04ED-4CF3-BC02-4A49B4919F05}.Release|Mixed Platforms.ActiveCfg = Release|Win32
		{67F0629E-04ED-4CF3-BC02-4A49B4919F05}.Release|Mixed Platforms.Build.0 = Release|Win32
		{67F0629E-04ED-4CF3-BC02-4A49B4919F05}.Release|Win32.ActiveCfg = Release|Win32
		{67F0629E-04ED-4CF3-BC02-4A49B4919F05}.Release|x64.ActiveCfg = Release|Win32
		{67F0629E-04ED-4CF3-BC02-4A49B4919F05}.Release|x86.ActiveCfg = Release|Win32
		{9EE1FB67-715D-406D-8777-1D54C29896AE}.Debug|Mixed Platforms.ActiveCfg = Debug|Win32
		{9EE1FB67-715D-406D-8777-1D54C29896AE}.Debug|Mixed Platforms.Build.0 = Debug|Win32
		{9EE1FB67-715D-406D-8777-1D54C29896AE}.Debug|Win32.ActiveCfg = Debug|Win32
		{9EE1FB67-715D-406D-8777-1D54C29896AE}.Debug|Win32.Build.0 = Debug|Win32
		{9EE1FB67-715D-406D-8777-1D54C29896AE}.Debug|x64.ActiveCfg = Debug|x64
		{9EE1FB67-715D-406D-8777-1D54C29896AE}.Debug|x64.Build.0 = Debug|x64
		{9EE1FB67-715D-406D-8777-1D54C29896AE}.Debug|x86.ActiveCfg = Debug|Win32
		{9EE1FB67-715D-406D-8777-1D54C29896AE}.Release Logging|Mixed Platforms.ActiveCfg = Release|Win32
		{9EE1FB67-715D-406D-8777-1D54C29896AE}.Release Logging|Mixed Platforms.Build.0 = Release|Win32
		{9EE1FB67-715D-406D-8777-1D54C29896AE}.Release Logging|Win32.ActiveCfg = Release|Win32
		{9EE1FB67-715D-406D-8777-1D54C29896AE}.Release Logging|Win32.Build.0 = Release|Win32
		{9EE1FB67-715D-406D-8777-1D54C29896AE}.Release Logging|x64.ActiveCfg = Release|Win32
		{9EE1FB67-715D-406D-8777-1D54C29896AE}.Release Logging|x86.ActiveCfg = Release|Win32
		{9EE1FB67-715D-406D-8777-1D54C29896AE}.Release Small|Mixed Platforms.ActiveCfg = Release|Win32
		{9EE1FB67-715D-406D-8777-1D54C29896AE}.Release Small|Mixed Platforms.Build.0 = Release|Win32
		{9EE1FB67-715D-406D-8777-1D54C29896AE}.Release Small|Win32.ActiveCfg = Release|Win32
		{9EE1FB67-715D-406D-8777-1D54C29896AE}.Release Small|Win32.Build.0 = Release|Win32
		{9EE1FB67-715D-406D-8777-1D54C29896AE}.Release Small|x64.ActiveCfg = Release|Win32
		{9EE1FB67-715D-406D-8777-1D54C29896AE}.Release Small|x86.ActiveCfg = Release|Win32
		{9EE1FB67-715D-406D-8777-1D54C29896AE}.Release|Mixed Platforms.ActiveCfg = Release|Win32
		{9EE1FB67-715D-406D-8777-1D54C29896AE}.Release|Mixed Platforms.Build.0 = Release|Win32
		{9EE1FB67-715D-406D-8777-1D54C29896AE}.Release|Win32.ActiveCfg = Release|Win32
		{9EE1FB67-715D-406D-8777-1D54C29896AE}.Release|Win32.Build.0 = Release|Win32
		{9EE1FB67-715D-406D-8777-1D54C29896AE}.Release|x64.ActiveCfg = Release|x64
		{9EE1FB67-715D-406D-8777-1D54C29896AE}.Release|x64.Build.0 = Release|x64
		{9EE1FB67-715D-406D-8777-1D54C29896AE}.Release|x86.ActiveCfg = Release|Win32
		{1669B1B5-A048-440A-B868-DDD1DBAA47FD}.Debug|Mixed Platforms.ActiveCfg = Debug|Win32
		{1669B1B5-A048-440A-B868-DDD1DBAA47FD}.Debug|Mixed Platforms.Build.0 = Debug|Win32
		{1669B1B5-A048-440A-B868-DDD1DBAA47FD}.Debug|Win32.ActiveCfg = Debug|Win32
		{1669B1B5-A048-440A-B868-DDD1DBAA47FD}.Debug|x64.ActiveCfg = Debug|x64
		{1669B1B5-A048-440A-B868-DDD1DBAA47FD}.Debug|x86.ActiveCfg = Debug|Win32
		{1669B1B5-A048-440A-B868-DDD1DBAA47FD}.Release Logging|Mixed Platforms.ActiveCfg = Release|Win32
		{1669B1B5-A048-440A-B868-DDD1DBAA47FD}.Release Logging|Mixed Platforms.Build.0 = Release|Win32
		{1669B1B5-A048-440A-B868-DDD1DBAA47FD}.Release Logging|Win32.ActiveCfg = Release|Win32
		{1669B1B5-A048-440A-B868-DDD1DBAA47FD}.Release Logging|Win32.Build.0 = Release|Win32
		{1669B1B5-A048-440A-B868-DDD1DBAA47FD}.Release Logging|x64.ActiveCfg = Release|Win32
		{1669B1B5-A048-440A-B868-DDD1DBAA47FD}.Release Logging|x86.ActiveCfg = Release|Win32
		{1669B1B5-A048-440A-B868-DDD1DBAA47FD}.Release Small|Mixed Platforms.ActiveCfg = Release|Win32
		{1669B1B5-A048-440A-B868-DDD1DBAA47FD}.Release Small|Mixed Platforms.Build.0 = Release|Win32
		{1669B1B5-A048-440A-B868-DDD1DBAA47FD}.Release Small|Win32.ActiveCfg = Release|Win32
		{1669B1B5-A048-440A-B868-DDD1DBAA47FD}.Release Small|Win32.Build.0 = Release|Win32
		{1669B1B5-A048-440A-B868-DDD1DBAA47FD}.Release Small|x64.ActiveCfg = Release|Win32
		{1669B1B5-A048-440A-B868-DDD1DBAA47FD}.Release Small|x86.ActiveCfg = Release|Win32
		{1669B1B5-A048-440A-B868-DDD1DBAA47FD}.Release|Mixed Platforms.ActiveCfg = Release|Win32
		{1669B1B5-A048-440A-B868-DDD1DBAA47FD}.Release|Mixed Platforms.Build.0 = Release|Win32
		{1669B1B5-A048-440A-B868-DDD1DBAA47FD}.Release|Win32.ActiveCfg = Release|Win32
		{1669B1B5-A048-440A-B868-DDD1DBAA47FD}.Release|x64.ActiveCfg = Release|Win32
		{1669B1B5-A048-440A-B868-DDD1DBAA47FD}.Release|x86.ActiveCfg = Release|Win32
	EndGlobalSection
	GlobalSection(SolutionProperties) = preSolution
		HideSolutionNode = FALSE
	EndGlobalSection
EndGlobal
