<?xml version="1.0" encoding="utf-8"?>
<Project ToolsVersion="12.0" xmlns="http://schemas.microsoft.com/developer/msbuild/2003">
  <ItemGroup>
    <Filter Include="Source Files">
      <UniqueIdentifier>{6de58287-b8f9-4973-b2f2-3291e4f543ed}</UniqueIdentifier>
    </Filter>
    <Filter Include="Source Files\kademlia">
      <UniqueIdentifier>{dcacfe56-d07b-4e03-bab3-c6e3c73dc4be}</UniqueIdentifier>
    </Filter>
    <Filter Include="Source Files\ed25519">
      <UniqueIdentifier>{3e9419b4-06e5-4c29-b0e4-f585fe9770e3}</UniqueIdentifier>
    </Filter>
    <Filter Include="Header Files">
      <UniqueIdentifier>{fbc6f8f4-3200-402e-9c8d-1dac5cae6130}</UniqueIdentifier>
    </Filter>
    <Filter Include="Header Files\ed25519">
      <UniqueIdentifier>{3758159a-1380-42e7-a941-9ce592adbe41}</UniqueIdentifier>
    </Filter>
    <Filter Include="Header Files\aux_">
      <UniqueIdentifier>{68689a1a-8ab7-43e8-9f58-55ad5b3e7d8b}</UniqueIdentifier>
    </Filter>
    <Filter Include="Header Files\extensions">
      <UniqueIdentifier>{a28df435-3b7a-402b-bcec-883d550c300b}</UniqueIdentifier>
    </Filter>
    <Filter Include="Header Files\kademlia">
      <UniqueIdentifier>{4241c585-803e-4a7b-9fa5-e66c0f8b258f}</UniqueIdentifier>
    </Filter>
  </ItemGroup>
  <ItemGroup>
    <ClInclude Include="..\..\lib\libtorrent\ed25519\src\fe.h">
      <Filter>Header Files\ed25519</Filter>
    </ClInclude>
    <ClInclude Include="..\..\lib\libtorrent\ed25519\src\fixedint.h">
      <Filter>Header Files\ed25519</Filter>
    </ClInclude>
    <ClInclude Include="..\..\lib\libtorrent\ed25519\src\ge.h">
      <Filter>Header Files\ed25519</Filter>
    </ClInclude>
    <ClInclude Include="..\..\lib\libtorrent\ed25519\src\precomp_data.h">
      <Filter>Header Files\ed25519</Filter>
    </ClInclude>
    <ClInclude Include="..\..\lib\libtorrent\ed25519\src\sc.h">
      <Filter>Header Files\ed25519</Filter>
    </ClInclude>
    <ClInclude Include="..\..\lib\libtorrent\ed25519\src\sha512.h">
      <Filter>Header Files\ed25519</Filter>
    </ClInclude>
    <ClInclude Include="..\..\lib\libtorrent\include\libtorrent\kademlia\dht_observer.hpp">
      <Filter>Header Files\kademlia</Filter>
    </ClInclude>
    <ClInclude Include="..\..\lib\libtorrent\include\libtorrent\kademlia\dht_storage.hpp">
      <Filter>Header Files\kademlia</Filter>
    </ClInclude>
    <ClInclude Include="..\..\lib\libtorrent\include\libtorrent\kademlia\dht_tracker.hpp">
      <Filter>Header Files\kademlia</Filter>
    </ClInclude>
    <ClInclude Include="..\..\lib\libtorrent\include\libtorrent\kademlia\direct_request.hpp">
      <Filter>Header Files\kademlia</Filter>
    </ClInclude>
    <ClInclude Include="..\..\lib\libtorrent\include\libtorrent\kademlia\dos_blocker.hpp">
      <Filter>Header Files\kademlia</Filter>
    </ClInclude>
    <ClInclude Include="..\..\lib\libtorrent\include\libtorrent\kademlia\find_data.hpp">
      <Filter>Header Files\kademlia</Filter>
    </ClInclude>
    <ClInclude Include="..\..\lib\libtorrent\include\libtorrent\kademlia\get_item.hpp">
      <Filter>Header Files\kademlia</Filter>
    </ClInclude>
    <ClInclude Include="..\..\lib\libtorrent\include\libtorrent\kademlia\get_peers.hpp">
      <Filter>Header Files\kademlia</Filter>
    </ClInclude>
    <ClInclude Include="..\..\lib\libtorrent\include\libtorrent\kademlia\item.hpp">
      <Filter>Header Files\kademlia</Filter>
    </ClInclude>
    <ClInclude Include="..\..\lib\libtorrent\include\libtorrent\kademlia\msg.hpp">
      <Filter>Header Files\kademlia</Filter>
    </ClInclude>
    <ClInclude Include="..\..\lib\libtorrent\include\libtorrent\kademlia\node.hpp">
      <Filter>Header Files\kademlia</Filter>
    </ClInclude>
    <ClInclude Include="..\..\lib\libtorrent\include\libtorrent\kademlia\node_entry.hpp">
      <Filter>Header Files\kademlia</Filter>
    </ClInclude>
    <ClInclude Include="..\..\lib\libtorrent\include\libtorrent\kademlia\node_id.hpp">
      <Filter>Header Files\kademlia</Filter>
    </ClInclude>
    <ClInclude Include="..\..\lib\libtorrent\include\libtorrent\kademlia\observer.hpp">
      <Filter>Header Files\kademlia</Filter>
    </ClInclude>
    <ClInclude Include="..\..\lib\libtorrent\include\libtorrent\kademlia\put_data.hpp">
      <Filter>Header Files\kademlia</Filter>
    </ClInclude>
    <ClInclude Include="..\..\lib\libtorrent\include\libtorrent\kademlia\refresh.hpp">
      <Filter>Header Files\kademlia</Filter>
    </ClInclude>
    <ClInclude Include="..\..\lib\libtorrent\include\libtorrent\kademlia\routing_table.hpp">
      <Filter>Header Files\kademlia</Filter>
    </ClInclude>
    <ClInclude Include="..\..\lib\libtorrent\include\libtorrent\kademlia\rpc_manager.hpp">
      <Filter>Header Files\kademlia</Filter>
    </ClInclude>
    <ClInclude Include="..\..\lib\libtorrent\include\libtorrent\kademlia\traversal_algorithm.hpp">
      <Filter>Header Files\kademlia</Filter>
    </ClInclude>
    <ClInclude Include="..\..\lib\libtorrent\include\libtorrent\extensions\lt_trackers.hpp">
      <Filter>Header Files\extensions</Filter>
    </ClInclude>
    <ClInclude Include="..\..\lib\libtorrent\include\libtorrent\extensions\metadata_transfer.hpp">
      <Filter>Header Files\extensions</Filter>
    </ClInclude>
    <ClInclude Include="..\..\lib\libtorrent\include\libtorrent\extensions\smart_ban.hpp">
      <Filter>Header Files\extensions</Filter>
    </ClInclude>
    <ClInclude Include="..\..\lib\libtorrent\include\libtorrent\extensions\ut_metadata.hpp">
      <Filter>Header Files\extensions</Filter>
    </ClInclude>
    <ClInclude Include="..\..\lib\libtorrent\include\libtorrent\extensions\ut_pex.hpp">
      <Filter>Header Files\extensions</Filter>
    </ClInclude>
    <ClInclude Include="..\..\lib\libtorrent\include\libtorrent\aux_\alert_manager_variadic_emplace.hpp">
      <Filter>Header Files\aux_</Filter>
    </ClInclude>
    <ClInclude Include="..\..\lib\libtorrent\include\libtorrent\aux_\allocating_handler.hpp">
      <Filter>Header Files\aux_</Filter>
    </ClInclude>
    <ClInclude Include="..\..\lib\libtorrent\include\libtorrent\aux_\byteswap.hpp">
      <Filter>Header Files\aux_</Filter>
    </ClInclude>
    <ClInclude Include="..\..\lib\libtorrent\include\libtorrent\aux_\cpuid.hpp">
      <Filter>Header Files\aux_</Filter>
    </ClInclude>
    <ClInclude Include="..\..\lib\libtorrent\include\libtorrent\aux_\disable_warnings_pop.hpp">
      <Filter>Header Files\aux_</Filter>
    </ClInclude>
    <ClInclude Include="..\..\lib\libtorrent\include\libtorrent\aux_\disable_warnings_push.hpp">
      <Filter>Header Files\aux_</Filter>
    </ClInclude>
    <ClInclude Include="..\..\lib\libtorrent\include\libtorrent\aux_\escape_string.hpp">
      <Filter>Header Files\aux_</Filter>
    </ClInclude>
    <ClInclude Include="..\..\lib\libtorrent\include\libtorrent\aux_\file_progress.hpp">
      <Filter>Header Files\aux_</Filter>
    </ClInclude>
    <ClInclude Include="..\..\lib\libtorrent\include\libtorrent\aux_\merkle.hpp">
      <Filter>Header Files\aux_</Filter>
    </ClInclude>
    <ClInclude Include="..\..\lib\libtorrent\include\libtorrent\aux_\openssl.hpp">
      <Filter>Header Files\aux_</Filter>
    </ClInclude>
    <ClInclude Include="..\..\lib\libtorrent\include\libtorrent\aux_\proxy_settings.hpp">
      <Filter>Header Files\aux_</Filter>
    </ClInclude>
    <ClInclude Include="..\..\lib\libtorrent\include\libtorrent\aux_\session_call.hpp">
      <Filter>Header Files\aux_</Filter>
    </ClInclude>
    <ClInclude Include="..\..\lib\libtorrent\include\libtorrent\aux_\session_impl.hpp">
      <Filter>Header Files\aux_</Filter>
    </ClInclude>
    <ClInclude Include="..\..\lib\libtorrent\include\libtorrent\aux_\session_interface.hpp">
      <Filter>Header Files\aux_</Filter>
    </ClInclude>
    <ClInclude Include="..\..\lib\libtorrent\include\libtorrent\aux_\session_settings.hpp">
      <Filter>Header Files\aux_</Filter>
    </ClInclude>
    <ClInclude Include="..\..\lib\libtorrent\include\libtorrent\aux_\time.hpp">
      <Filter>Header Files\aux_</Filter>
    </ClInclude>
    <ClInclude Include="..\..\lib\libtorrent\include\libtorrent\uncork_interface.hpp">
      <Filter>Header Files</Filter>
    </ClInclude>
    <ClInclude Include="..\..\lib\libtorrent\include\libtorrent\union_endpoint.hpp">
      <Filter>Header Files</Filter>
    </ClInclude>
    <ClInclude Include="..\..\lib\libtorrent\include\libtorrent\upnp.hpp">
      <Filter>Header Files</Filter>
    </ClInclude>
    <ClInclude Include="..\..\lib\libtorrent\include\libtorrent\utf8.hpp">
      <Filter>Header Files</Filter>
    </ClInclude>
    <ClInclude Include="..\..\lib\libtorrent\include\libtorrent\utp_socket_manager.hpp">
      <Filter>Header Files</Filter>
    </ClInclude>
    <ClInclude Include="..\..\lib\libtorrent\include\libtorrent\utp_stream.hpp">
      <Filter>Header Files</Filter>
    </ClInclude>
    <ClInclude Include="..\..\lib\libtorrent\include\libtorrent\vector_utils.hpp">
      <Filter>Header Files</Filter>
    </ClInclude>
    <ClInclude Include="..\..\lib\libtorrent\include\libtorrent\version.hpp">
      <Filter>Header Files</Filter>
    </ClInclude>
    <ClInclude Include="..\..\lib\libtorrent\include\libtorrent\web_connection_base.hpp">
      <Filter>Header Files</Filter>
    </ClInclude>
    <ClInclude Include="..\..\lib\libtorrent\include\libtorrent\web_peer_connection.hpp">
      <Filter>Header Files</Filter>
    </ClInclude>
    <ClInclude Include="..\..\lib\libtorrent\include\libtorrent\xml_parse.hpp">
      <Filter>Header Files</Filter>
    </ClInclude>
    <ClInclude Include="..\..\lib\libtorrent\include\libtorrent\add_torrent_params.hpp">
      <Filter>Header Files</Filter>
    </ClInclude>
    <ClInclude Include="..\..\lib\libtorrent\include\libtorrent\address.hpp">
      <Filter>Header Files</Filter>
    </ClInclude>
    <ClInclude Include="..\..\lib\libtorrent\include\libtorrent\alert.hpp">
      <Filter>Header Files</Filter>
    </ClInclude>
    <ClInclude Include="..\..\lib\libtorrent\include\libtorrent\alert_manager.hpp">
      <Filter>Header Files</Filter>
    </ClInclude>
    <ClInclude Include="..\..\lib\libtorrent\include\libtorrent\alert_types.hpp">
      <Filter>Header Files</Filter>
    </ClInclude>
    <ClInclude Include="..\..\lib\libtorrent\include\libtorrent\alloca.hpp">
      <Filter>Header Files</Filter>
    </ClInclude>
    <ClInclude Include="..\..\lib\libtorrent\include\libtorrent\allocator.hpp">
      <Filter>Header Files</Filter>
    </ClInclude>
    <ClInclude Include="..\..\lib\libtorrent\include\libtorrent\announce_entry.hpp">
      <Filter>Header Files</Filter>
    </ClInclude>
    <ClInclude Include="..\..\lib\libtorrent\include\libtorrent\assert.hpp">
      <Filter>Header Files</Filter>
    </ClInclude>
    <ClInclude Include="..\..\lib\libtorrent\include\libtorrent\bandwidth_limit.hpp">
      <Filter>Header Files</Filter>
    </ClInclude>
    <ClInclude Include="..\..\lib\libtorrent\include\libtorrent\bandwidth_manager.hpp">
      <Filter>Header Files</Filter>
    </ClInclude>
    <ClInclude Include="..\..\lib\libtorrent\include\libtorrent\bandwidth_queue_entry.hpp">
      <Filter>Header Files</Filter>
    </ClInclude>
    <ClInclude Include="..\..\lib\libtorrent\include\libtorrent\bandwidth_socket.hpp">
      <Filter>Header Files</Filter>
    </ClInclude>
    <ClInclude Include="..\..\lib\libtorrent\include\libtorrent\bdecode.hpp">
      <Filter>Header Files</Filter>
    </ClInclude>
    <ClInclude Include="..\..\lib\libtorrent\include\libtorrent\bencode.hpp">
      <Filter>Header Files</Filter>
    </ClInclude>
    <ClInclude Include="..\..\lib\libtorrent\include\libtorrent\bitfield.hpp">
      <Filter>Header Files</Filter>
    </ClInclude>
    <ClInclude Include="..\..\lib\libtorrent\include\libtorrent\block_cache.hpp">
      <Filter>Header Files</Filter>
    </ClInclude>
    <ClInclude Include="..\..\lib\libtorrent\include\libtorrent\bloom_filter.hpp">
      <Filter>Header Files</Filter>
    </ClInclude>
    <ClInclude Include="..\..\lib\libtorrent\include\libtorrent\broadcast_socket.hpp">
      <Filter>Header Files</Filter>
    </ClInclude>
    <ClInclude Include="..\..\lib\libtorrent\include\libtorrent\bt_peer_connection.hpp">
      <Filter>Header Files</Filter>
    </ClInclude>
    <ClInclude Include="..\..\lib\libtorrent\include\libtorrent\buffer.hpp">
      <Filter>Header Files</Filter>
    </ClInclude>
    <ClInclude Include="..\..\lib\libtorrent\include\libtorrent\build_config.hpp">
      <Filter>Header Files</Filter>
    </ClInclude>
    <ClInclude Include="..\..\lib\libtorrent\include\libtorrent\chained_buffer.hpp">
      <Filter>Header Files</Filter>
    </ClInclude>
    <ClInclude Include="..\..\lib\libtorrent\include\libtorrent\choker.hpp">
      <Filter>Header Files</Filter>
    </ClInclude>
    <ClInclude Include="..\..\lib\libtorrent\include\libtorrent\close_reason.hpp">
      <Filter>Header Files</Filter>
    </ClInclude>
    <ClInclude Include="..\..\lib\libtorrent\include\libtorrent\config.hpp">
      <Filter>Header Files</Filter>
    </ClInclude>
    <ClInclude Include="..\..\lib\libtorrent\include\libtorrent\ConvertUTF.h">
      <Filter>Header Files</Filter>
    </ClInclude>
    <ClInclude Include="..\..\lib\libtorrent\include\libtorrent\copy_ptr.hpp">
      <Filter>Header Files</Filter>
    </ClInclude>
    <ClInclude Include="..\..\lib\libtorrent\include\libtorrent\crc32c.hpp">
      <Filter>Header Files</Filter>
    </ClInclude>
    <ClInclude Include="..\..\lib\libtorrent\include\libtorrent\create_torrent.hpp">
      <Filter>Header Files</Filter>
    </ClInclude>
    <ClInclude Include="..\..\lib\libtorrent\include\libtorrent\deadline_timer.hpp">
      <Filter>Header Files</Filter>
    </ClInclude>
    <ClInclude Include="..\..\lib\libtorrent\include\libtorrent\debug.hpp">
      <Filter>Header Files</Filter>
    </ClInclude>
    <ClInclude Include="..\..\lib\libtorrent\include\libtorrent\disk_buffer_holder.hpp">
      <Filter>Header Files</Filter>
    </ClInclude>
    <ClInclude Include="..\..\lib\libtorrent\include\libtorrent\disk_buffer_pool.hpp">
      <Filter>Header Files</Filter>
    </ClInclude>
    <ClInclude Include="..\..\lib\libtorrent\include\libtorrent\disk_interface.hpp">
      <Filter>Header Files</Filter>
    </ClInclude>
    <ClInclude Include="..\..\lib\libtorrent\include\libtorrent\disk_io_job.hpp">
      <Filter>Header Files</Filter>
    </ClInclude>
    <ClInclude Include="..\..\lib\libtorrent\include\libtorrent\disk_io_thread.hpp">
      <Filter>Header Files</Filter>
    </ClInclude>
    <ClInclude Include="..\..\lib\libtorrent\include\libtorrent\disk_job_pool.hpp">
      <Filter>Header Files</Filter>
    </ClInclude>
    <ClInclude Include="..\..\lib\libtorrent\include\libtorrent\disk_observer.hpp">
      <Filter>Header Files</Filter>
    </ClInclude>
    <ClInclude Include="..\..\lib\libtorrent\include\libtorrent\ed25519.hpp">
      <Filter>Header Files</Filter>
    </ClInclude>
    <ClInclude Include="..\..\lib\libtorrent\include\libtorrent\entry.hpp">
      <Filter>Header Files</Filter>
    </ClInclude>
    <ClInclude Include="..\..\lib\libtorrent\include\libtorrent\enum_net.hpp">
      <Filter>Header Files</Filter>
    </ClInclude>
    <ClInclude Include="..\..\lib\libtorrent\include\libtorrent\error.hpp">
      <Filter>Header Files</Filter>
    </ClInclude>
    <ClInclude Include="..\..\lib\libtorrent\include\libtorrent\error_code.hpp">
      <Filter>Header Files</Filter>
    </ClInclude>
    <ClInclude Include="..\..\lib\libtorrent\include\libtorrent\export.hpp">
      <Filter>Header Files</Filter>
    </ClInclude>
    <ClInclude Include="..\..\lib\libtorrent\include\libtorrent\extensions.hpp">
      <Filter>Header Files</Filter>
    </ClInclude>
    <ClInclude Include="..\..\lib\libtorrent\include\libtorrent\file.hpp">
      <Filter>Header Files</Filter>
    </ClInclude>
    <ClInclude Include="..\..\lib\libtorrent\include\libtorrent\file_pool.hpp">
      <Filter>Header Files</Filter>
    </ClInclude>
    <ClInclude Include="..\..\lib\libtorrent\include\libtorrent\file_storage.hpp">
      <Filter>Header Files</Filter>
    </ClInclude>
    <ClInclude Include="..\..\lib\libtorrent\include\libtorrent\fingerprint.hpp">
      <Filter>Header Files</Filter>
    </ClInclude>
    <ClInclude Include="..\..\lib\libtorrent\include\libtorrent\gzip.hpp">
      <Filter>Header Files</Filter>
    </ClInclude>
    <ClInclude Include="..\..\lib\libtorrent\include\libtorrent\hasher.hpp">
      <Filter>Header Files</Filter>
    </ClInclude>
    <ClInclude Include="..\..\lib\libtorrent\include\libtorrent\heterogeneous_queue.hpp">
      <Filter>Header Files</Filter>
    </ClInclude>
    <ClInclude Include="..\..\lib\libtorrent\include\libtorrent\hex.hpp">
      <Filter>Header Files</Filter>
    </ClInclude>
    <ClInclude Include="..\..\lib\libtorrent\include\libtorrent\http_connection.hpp">
      <Filter>Header Files</Filter>
    </ClInclude>
    <ClInclude Include="..\..\lib\libtorrent\include\libtorrent\http_parser.hpp">
      <Filter>Header Files</Filter>
    </ClInclude>
    <ClInclude Include="..\..\lib\libtorrent\include\libtorrent\http_seed_connection.hpp">
      <Filter>Header Files</Filter>
    </ClInclude>
    <ClInclude Include="..\..\lib\libtorrent\include\libtorrent\http_stream.hpp">
      <Filter>Header Files</Filter>
    </ClInclude>
    <ClInclude Include="..\..\lib\libtorrent\include\libtorrent\http_tracker_connection.hpp">
      <Filter>Header Files</Filter>
    </ClInclude>
    <ClInclude Include="..\..\lib\libtorrent\include\libtorrent\i2p_stream.hpp">
      <Filter>Header Files</Filter>
    </ClInclude>
    <ClInclude Include="..\..\lib\libtorrent\include\libtorrent\identify_client.hpp">
      <Filter>Header Files</Filter>
    </ClInclude>
    <ClInclude Include="..\..\lib\libtorrent\include\libtorrent\instantiate_connection.hpp">
      <Filter>Header Files</Filter>
    </ClInclude>
    <ClInclude Include="..\..\lib\libtorrent\include\libtorrent\invariant_check.hpp">
      <Filter>Header Files</Filter>
    </ClInclude>
    <ClInclude Include="..\..\lib\libtorrent\include\libtorrent\io.hpp">
      <Filter>Header Files</Filter>
    </ClInclude>
    <ClInclude Include="..\..\lib\libtorrent\include\libtorrent\io_service.hpp">
      <Filter>Header Files</Filter>
    </ClInclude>
    <ClInclude Include="..\..\lib\libtorrent\include\libtorrent\io_service_fwd.hpp">
      <Filter>Header Files</Filter>
    </ClInclude>
    <ClInclude Include="..\..\lib\libtorrent\include\libtorrent\ip_filter.hpp">
      <Filter>Header Files</Filter>
    </ClInclude>
    <ClInclude Include="..\..\lib\libtorrent\include\libtorrent\ip_voter.hpp">
      <Filter>Header Files</Filter>
    </ClInclude>
    <ClInclude Include="..\..\lib\libtorrent\include\libtorrent\lazy_entry.hpp">
      <Filter>Header Files</Filter>
    </ClInclude>
    <ClInclude Include="..\..\lib\libtorrent\include\libtorrent\link.hpp">
      <Filter>Header Files</Filter>
    </ClInclude>
    <ClInclude Include="..\..\lib\libtorrent\include\libtorrent\linked_list.hpp">
      <Filter>Header Files</Filter>
    </ClInclude>
    <ClInclude Include="..\..\lib\libtorrent\include\libtorrent\lsd.hpp">
      <Filter>Header Files</Filter>
    </ClInclude>
    <ClInclude Include="..\..\lib\libtorrent\include\libtorrent\magnet_uri.hpp">
      <Filter>Header Files</Filter>
    </ClInclude>
    <ClInclude Include="..\..\lib\libtorrent\include\libtorrent\max.hpp">
      <Filter>Header Files</Filter>
    </ClInclude>
    <ClInclude Include="..\..\lib\libtorrent\include\libtorrent\natpmp.hpp">
      <Filter>Header Files</Filter>
    </ClInclude>
    <ClInclude Include="..\..\lib\libtorrent\include\libtorrent\network_thread_pool.hpp">
      <Filter>Header Files</Filter>
    </ClInclude>
    <ClInclude Include="..\..\lib\libtorrent\include\libtorrent\operations.hpp">
      <Filter>Header Files</Filter>
    </ClInclude>
    <ClInclude Include="..\..\lib\libtorrent\include\libtorrent\packet_buffer.hpp">
      <Filter>Header Files</Filter>
    </ClInclude>
    <ClInclude Include="..\..\lib\libtorrent\include\libtorrent\parse_url.hpp">
      <Filter>Header Files</Filter>
    </ClInclude>
    <ClInclude Include="..\..\lib\libtorrent\include\libtorrent\part_file.hpp">
      <Filter>Header Files</Filter>
    </ClInclude>
    <ClInclude Include="..\..\lib\libtorrent\include\libtorrent\pe_crypto.hpp">
      <Filter>Header Files</Filter>
    </ClInclude>
    <ClInclude Include="..\..\lib\libtorrent\include\libtorrent\peer.hpp">
      <Filter>Header Files</Filter>
    </ClInclude>
    <ClInclude Include="..\..\lib\libtorrent\include\libtorrent\peer_class.hpp">
      <Filter>Header Files</Filter>
    </ClInclude>
    <ClInclude Include="..\..\lib\libtorrent\include\libtorrent\peer_class_set.hpp">
      <Filter>Header Files</Filter>
    </ClInclude>
    <ClInclude Include="..\..\lib\libtorrent\include\libtorrent\peer_class_type_filter.hpp">
      <Filter>Header Files</Filter>
    </ClInclude>
    <ClInclude Include="..\..\lib\libtorrent\include\libtorrent\peer_connection.hpp">
      <Filter>Header Files</Filter>
    </ClInclude>
    <ClInclude Include="..\..\lib\libtorrent\include\libtorrent\peer_connection_handle.hpp">
      <Filter>Header Files</Filter>
    </ClInclude>
    <ClInclude Include="..\..\lib\libtorrent\include\libtorrent\peer_connection_interface.hpp">
      <Filter>Header Files</Filter>
    </ClInclude>
    <ClInclude Include="..\..\lib\libtorrent\include\libtorrent\peer_id.hpp">
      <Filter>Header Files</Filter>
    </ClInclude>
    <ClInclude Include="..\..\lib\libtorrent\include\libtorrent\peer_info.hpp">
      <Filter>Header Files</Filter>
    </ClInclude>
    <ClInclude Include="..\..\lib\libtorrent\include\libtorrent\peer_list.hpp">
      <Filter>Header Files</Filter>
    </ClInclude>
    <ClInclude Include="..\..\lib\libtorrent\include\libtorrent\peer_request.hpp">
      <Filter>Header Files</Filter>
    </ClInclude>
    <ClInclude Include="..\..\lib\libtorrent\include\libtorrent\performance_counters.hpp">
      <Filter>Header Files</Filter>
    </ClInclude>
    <ClInclude Include="..\..\lib\libtorrent\include\libtorrent\piece_block_progress.hpp">
      <Filter>Header Files</Filter>
    </ClInclude>
    <ClInclude Include="..\..\lib\libtorrent\include\libtorrent\piece_picker.hpp">
      <Filter>Header Files</Filter>
    </ClInclude>
    <ClInclude Include="..\..\lib\libtorrent\include\libtorrent\platform_util.hpp">
      <Filter>Header Files</Filter>
    </ClInclude>
    <ClInclude Include="..\..\lib\libtorrent\include\libtorrent\proxy_base.hpp">
      <Filter>Header Files</Filter>
    </ClInclude>
    <ClInclude Include="..\..\lib\libtorrent\include\libtorrent\puff.hpp">
      <Filter>Header Files</Filter>
    </ClInclude>
    <ClInclude Include="..\..\lib\libtorrent\include\libtorrent\random.hpp">
      <Filter>Header Files</Filter>
    </ClInclude>
    <ClInclude Include="..\..\lib\libtorrent\include\libtorrent\receive_buffer.hpp">
      <Filter>Header Files</Filter>
    </ClInclude>
    <ClInclude Include="..\..\lib\libtorrent\include\libtorrent\request_blocks.hpp">
      <Filter>Header Files</Filter>
    </ClInclude>
    <ClInclude Include="..\..\lib\libtorrent\include\libtorrent\resolve_links.hpp">
      <Filter>Header Files</Filter>
    </ClInclude>
    <ClInclude Include="..\..\lib\libtorrent\include\libtorrent\resolver.hpp">
      <Filter>Header Files</Filter>
    </ClInclude>
    <ClInclude Include="..\..\lib\libtorrent\include\libtorrent\resolver_interface.hpp">
      <Filter>Header Files</Filter>
    </ClInclude>
    <ClInclude Include="..\..\lib\libtorrent\include\libtorrent\rss.hpp">
      <Filter>Header Files</Filter>
    </ClInclude>
    <ClInclude Include="..\..\lib\libtorrent\include\libtorrent\session.hpp">
      <Filter>Header Files</Filter>
    </ClInclude>
    <ClInclude Include="..\..\lib\libtorrent\include\libtorrent\session_handle.hpp">
      <Filter>Header Files</Filter>
    </ClInclude>
    <ClInclude Include="..\..\lib\libtorrent\include\libtorrent\session_settings.hpp">
      <Filter>Header Files</Filter>
    </ClInclude>
    <ClInclude Include="..\..\lib\libtorrent\include\libtorrent\session_stats.hpp">
      <Filter>Header Files</Filter>
    </ClInclude>
    <ClInclude Include="..\..\lib\libtorrent\include\libtorrent\session_status.hpp">
      <Filter>Header Files</Filter>
    </ClInclude>
    <ClInclude Include="..\..\lib\libtorrent\include\libtorrent\settings_pack.hpp">
      <Filter>Header Files</Filter>
    </ClInclude>
    <ClInclude Include="..\..\lib\libtorrent\include\libtorrent\sha1.hpp">
      <Filter>Header Files</Filter>
    </ClInclude>
    <ClInclude Include="..\..\lib\libtorrent\include\libtorrent\sha1_hash.hpp">
      <Filter>Header Files</Filter>
    </ClInclude>
    <ClInclude Include="..\..\lib\libtorrent\include\libtorrent\sliding_average.hpp">
      <Filter>Header Files</Filter>
    </ClInclude>
    <ClInclude Include="..\..\lib\libtorrent\include\libtorrent\socket.hpp">
      <Filter>Header Files</Filter>
    </ClInclude>
    <ClInclude Include="..\..\lib\libtorrent\include\libtorrent\socket_io.hpp">
      <Filter>Header Files</Filter>
    </ClInclude>
    <ClInclude Include="..\..\lib\libtorrent\include\libtorrent\socket_type.hpp">
      <Filter>Header Files</Filter>
    </ClInclude>
    <ClInclude Include="..\..\lib\libtorrent\include\libtorrent\socket_type_fwd.hpp">
      <Filter>Header Files</Filter>
    </ClInclude>
    <ClInclude Include="..\..\lib\libtorrent\include\libtorrent\socks5_stream.hpp">
      <Filter>Header Files</Filter>
    </ClInclude>
    <ClInclude Include="..\..\lib\libtorrent\include\libtorrent\ssl_stream.hpp">
      <Filter>Header Files</Filter>
    </ClInclude>
    <ClInclude Include="..\..\lib\libtorrent\include\libtorrent\stack_allocator.hpp">
      <Filter>Header Files</Filter>
    </ClInclude>
    <ClInclude Include="..\..\lib\libtorrent\include\libtorrent\stat.hpp">
      <Filter>Header Files</Filter>
    </ClInclude>
    <ClInclude Include="..\..\lib\libtorrent\include\libtorrent\stat_cache.hpp">
      <Filter>Header Files</Filter>
    </ClInclude>
    <ClInclude Include="..\..\lib\libtorrent\include\libtorrent\storage.hpp">
      <Filter>Header Files</Filter>
    </ClInclude>
    <ClInclude Include="..\..\lib\libtorrent\include\libtorrent\storage_defs.hpp">
      <Filter>Header Files</Filter>
    </ClInclude>
    <ClInclude Include="..\..\lib\libtorrent\include\libtorrent\string_util.hpp">
      <Filter>Header Files</Filter>
    </ClInclude>
    <ClInclude Include="..\..\lib\libtorrent\include\libtorrent\tailqueue.hpp">
      <Filter>Header Files</Filter>
    </ClInclude>
    <ClInclude Include="..\..\lib\libtorrent\include\libtorrent\thread.hpp">
      <Filter>Header Files</Filter>
    </ClInclude>
    <ClInclude Include="..\..\lib\libtorrent\include\libtorrent\thread_pool.hpp">
      <Filter>Header Files</Filter>
    </ClInclude>
    <ClInclude Include="..\..\lib\libtorrent\include\libtorrent\time.hpp">
      <Filter>Header Files</Filter>
    </ClInclude>
    <ClInclude Include="..\..\lib\libtorrent\include\libtorrent\timestamp_history.hpp">
      <Filter>Header Files</Filter>
    </ClInclude>
    <ClInclude Include="..\..\lib\libtorrent\include\libtorrent\tommath.h">
      <Filter>Header Files</Filter>
    </ClInclude>
    <ClInclude Include="..\..\lib\libtorrent\include\libtorrent\tommath_class.h">
      <Filter>Header Files</Filter>
    </ClInclude>
    <ClInclude Include="..\..\lib\libtorrent\include\libtorrent\tommath_private.h">
      <Filter>Header Files</Filter>
    </ClInclude>
    <ClInclude Include="..\..\lib\libtorrent\include\libtorrent\tommath_superclass.h">
      <Filter>Header Files</Filter>
    </ClInclude>
    <ClInclude Include="..\..\lib\libtorrent\include\libtorrent\torrent.hpp">
      <Filter>Header Files</Filter>
    </ClInclude>
    <ClInclude Include="..\..\lib\libtorrent\include\libtorrent\torrent_handle.hpp">
      <Filter>Header Files</Filter>
    </ClInclude>
    <ClInclude Include="..\..\lib\libtorrent\include\libtorrent\torrent_info.hpp">
      <Filter>Header Files</Filter>
    </ClInclude>
    <ClInclude Include="..\..\lib\libtorrent\include\libtorrent\torrent_peer.hpp">
      <Filter>Header Files</Filter>
    </ClInclude>
    <ClInclude Include="..\..\lib\libtorrent\include\libtorrent\torrent_peer_allocator.hpp">
      <Filter>Header Files</Filter>
    </ClInclude>
    <ClInclude Include="..\..\lib\libtorrent\include\libtorrent\torrent_status.hpp">
      <Filter>Header Files</Filter>
    </ClInclude>
    <ClInclude Include="..\..\lib\libtorrent\include\libtorrent\tracker_manager.hpp">
      <Filter>Header Files</Filter>
    </ClInclude>
    <ClInclude Include="..\..\lib\libtorrent\include\libtorrent\udp_socket.hpp">
      <Filter>Header Files</Filter>
    </ClInclude>
    <ClInclude Include="..\..\lib\libtorrent\include\libtorrent\udp_tracker_connection.hpp">
      <Filter>Header Files</Filter>
    </ClInclude>
  </ItemGroup>
  <ItemGroup>
    <ClCompile Include="..\..\lib\libtorrent\ed25519\src\verify.cpp">
      <Filter>Source Files\ed25519</Filter>
    </ClCompile>
    <ClCompile Include="..\..\lib\libtorrent\ed25519\src\add_scalar.cpp">
      <Filter>Source Files\ed25519</Filter>
    </ClCompile>
    <ClCompile Include="..\..\lib\libtorrent\ed25519\src\fe.cpp">
      <Filter>Source Files\ed25519</Filter>
    </ClCompile>
    <ClCompile Include="..\..\lib\libtorrent\ed25519\src\ge.cpp">
      <Filter>Source Files\ed25519</Filter>
    </ClCompile>
    <ClCompile Include="..\..\lib\libtorrent\ed25519\src\key_exchange.cpp">
      <Filter>Source Files\ed25519</Filter>
    </ClCompile>
    <ClCompile Include="..\..\lib\libtorrent\ed25519\src\keypair.cpp">
      <Filter>Source Files\ed25519</Filter>
    </ClCompile>
    <ClCompile Include="..\..\lib\libtorrent\ed25519\src\sc.cpp">
      <Filter>Source Files\ed25519</Filter>
    </ClCompile>
    <ClCompile Include="..\..\lib\libtorrent\ed25519\src\seed.cpp">
      <Filter>Source Files\ed25519</Filter>
    </ClCompile>
    <ClCompile Include="..\..\lib\libtorrent\ed25519\src\sha512.cpp">
      <Filter>Source Files\ed25519</Filter>
    </ClCompile>
    <ClCompile Include="..\..\lib\libtorrent\ed25519\src\sign.cpp">
      <Filter>Source Files\ed25519</Filter>
    </ClCompile>
    <ClCompile Include="..\..\lib\libtorrent\src\kademlia\dht_storage.cpp">
      <Filter>Source Files\kademlia</Filter>
    </ClCompile>
    <ClCompile Include="..\..\lib\libtorrent\src\kademlia\dht_tracker.cpp">
      <Filter>Source Files\kademlia</Filter>
    </ClCompile>
    <ClCompile Include="..\..\lib\libtorrent\src\kademlia\dos_blocker.cpp">
      <Filter>Source Files\kademlia</Filter>
    </ClCompile>
    <ClCompile Include="..\..\lib\libtorrent\src\kademlia\find_data.cpp">
      <Filter>Source Files\kademlia</Filter>
    </ClCompile>
    <ClCompile Include="..\..\lib\libtorrent\src\kademlia\get_item.cpp">
      <Filter>Source Files\kademlia</Filter>
    </ClCompile>
    <ClCompile Include="..\..\lib\libtorrent\src\kademlia\get_peers.cpp">
      <Filter>Source Files\kademlia</Filter>
    </ClCompile>
    <ClCompile Include="..\..\lib\libtorrent\src\kademlia\item.cpp">
      <Filter>Source Files\kademlia</Filter>
    </ClCompile>
    <ClCompile Include="..\..\lib\libtorrent\src\kademlia\msg.cpp">
      <Filter>Source Files\kademlia</Filter>
    </ClCompile>
    <ClCompile Include="..\..\lib\libtorrent\src\kademlia\node.cpp">
      <Filter>Source Files\kademlia</Filter>
    </ClCompile>
    <ClCompile Include="..\..\lib\libtorrent\src\kademlia\node_entry.cpp">
      <Filter>Source Files\kademlia</Filter>
    </ClCompile>
    <ClCompile Include="..\..\lib\libtorrent\src\kademlia\node_id.cpp">
      <Filter>Source Files\kademlia</Filter>
    </ClCompile>
    <ClCompile Include="..\..\lib\libtorrent\src\kademlia\put_data.cpp">
      <Filter>Source Files\kademlia</Filter>
    </ClCompile>
    <ClCompile Include="..\..\lib\libtorrent\src\kademlia\refresh.cpp">
      <Filter>Source Files\kademlia</Filter>
    </ClCompile>
    <ClCompile Include="..\..\lib\libtorrent\src\kademlia\routing_table.cpp">
      <Filter>Source Files\kademlia</Filter>
    </ClCompile>
    <ClCompile Include="..\..\lib\libtorrent\src\kademlia\rpc_manager.cpp">
      <Filter>Source Files\kademlia</Filter>
    </ClCompile>
    <ClCompile Include="..\..\lib\libtorrent\src\kademlia\traversal_algorithm.cpp">
      <Filter>Source Files\kademlia</Filter>
    </ClCompile>
    <ClCompile Include="..\..\lib\libtorrent\src\thread.cpp">
      <Filter>Source Files</Filter>
    </ClCompile>
    <ClCompile Include="..\..\lib\libtorrent\src\time.cpp">
      <Filter>Source Files</Filter>
    </ClCompile>
    <ClCompile Include="..\..\lib\libtorrent\src\timestamp_history.cpp">
      <Filter>Source Files</Filter>
    </ClCompile>
    <ClCompile Include="..\..\lib\libtorrent\src\torrent.cpp">
      <Filter>Source Files</Filter>
    </ClCompile>
    <ClCompile Include="..\..\lib\libtorrent\src\torrent_handle.cpp">
      <Filter>Source Files</Filter>
    </ClCompile>
    <ClCompile Include="..\..\lib\libtorrent\src\torrent_info.cpp">
      <Filter>Source Files</Filter>
    </ClCompile>
    <ClCompile Include="..\..\lib\libtorrent\src\torrent_peer.cpp">
      <Filter>Source Files</Filter>
    </ClCompile>
    <ClCompile Include="..\..\lib\libtorrent\src\torrent_peer_allocator.cpp">
      <Filter>Source Files</Filter>
    </ClCompile>
    <ClCompile Include="..\..\lib\libtorrent\src\torrent_status.cpp">
      <Filter>Source Files</Filter>
    </ClCompile>
    <ClCompile Include="..\..\lib\libtorrent\src\tracker_manager.cpp">
      <Filter>Source Files</Filter>
    </ClCompile>
    <ClCompile Include="..\..\lib\libtorrent\src\udp_socket.cpp">
      <Filter>Source Files</Filter>
    </ClCompile>
    <ClCompile Include="..\..\lib\libtorrent\src\udp_tracker_connection.cpp">
      <Filter>Source Files</Filter>
    </ClCompile>
    <ClCompile Include="..\..\lib\libtorrent\src\upnp.cpp">
      <Filter>Source Files</Filter>
    </ClCompile>
    <ClCompile Include="..\..\lib\libtorrent\src\ut_metadata.cpp">
      <Filter>Source Files</Filter>
    </ClCompile>
    <ClCompile Include="..\..\lib\libtorrent\src\ut_pex.cpp">
      <Filter>Source Files</Filter>
    </ClCompile>
    <ClCompile Include="..\..\lib\libtorrent\src\utf8.cpp">
      <Filter>Source Files</Filter>
    </ClCompile>
    <ClCompile Include="..\..\lib\libtorrent\src\utp_socket_manager.cpp">
      <Filter>Source Files</Filter>
    </ClCompile>
    <ClCompile Include="..\..\lib\libtorrent\src\utp_stream.cpp">
      <Filter>Source Files</Filter>
    </ClCompile>
    <ClCompile Include="..\..\lib\libtorrent\src\version.cpp">
      <Filter>Source Files</Filter>
    </ClCompile>
    <ClCompile Include="..\..\lib\libtorrent\src\web_connection_base.cpp">
      <Filter>Source Files</Filter>
    </ClCompile>
    <ClCompile Include="..\..\lib\libtorrent\src\web_peer_connection.cpp">
      <Filter>Source Files</Filter>
    </ClCompile>
    <ClCompile Include="..\..\lib\libtorrent\src\xml_parse.cpp">
      <Filter>Source Files</Filter>
    </ClCompile>
    <ClCompile Include="..\..\lib\libtorrent\src\alert.cpp">
      <Filter>Source Files</Filter>
    </ClCompile>
    <ClCompile Include="..\..\lib\libtorrent\src\alert_manager.cpp">
      <Filter>Source Files</Filter>
    </ClCompile>
    <ClCompile Include="..\..\lib\libtorrent\src\allocator.cpp">
      <Filter>Source Files</Filter>
    </ClCompile>
    <ClCompile Include="..\..\lib\libtorrent\src\announce_entry.cpp">
      <Filter>Source Files</Filter>
    </ClCompile>
    <ClCompile Include="..\..\lib\libtorrent\src\assert.cpp">
      <Filter>Source Files</Filter>
    </ClCompile>
    <ClCompile Include="..\..\lib\libtorrent\src\bandwidth_limit.cpp">
      <Filter>Source Files</Filter>
    </ClCompile>
    <ClCompile Include="..\..\lib\libtorrent\src\bandwidth_manager.cpp">
      <Filter>Source Files</Filter>
    </ClCompile>
    <ClCompile Include="..\..\lib\libtorrent\src\bandwidth_queue_entry.cpp">
      <Filter>Source Files</Filter>
    </ClCompile>
    <ClCompile Include="..\..\lib\libtorrent\src\bdecode.cpp">
      <Filter>Source Files</Filter>
    </ClCompile>
    <ClCompile Include="..\..\lib\libtorrent\src\bitfield.cpp">
      <Filter>Source Files</Filter>
    </ClCompile>
    <ClCompile Include="..\..\lib\libtorrent\src\block_cache.cpp">
      <Filter>Source Files</Filter>
    </ClCompile>
    <ClCompile Include="..\..\lib\libtorrent\src\bloom_filter.cpp">
      <Filter>Source Files</Filter>
    </ClCompile>
    <ClCompile Include="..\..\lib\libtorrent\src\broadcast_socket.cpp">
      <Filter>Source Files</Filter>
    </ClCompile>
    <ClCompile Include="..\..\lib\libtorrent\src\bt_peer_connection.cpp">
      <Filter>Source Files</Filter>
    </ClCompile>
    <ClCompile Include="..\..\lib\libtorrent\src\chained_buffer.cpp">
      <Filter>Source Files</Filter>
    </ClCompile>
    <ClCompile Include="..\..\lib\libtorrent\src\choker.cpp">
      <Filter>Source Files</Filter>
    </ClCompile>
    <ClCompile Include="..\..\lib\libtorrent\src\close_reason.cpp">
      <Filter>Source Files</Filter>
    </ClCompile>
    <ClCompile Include="..\..\lib\libtorrent\src\ConvertUTF.cpp">
      <Filter>Source Files</Filter>
    </ClCompile>
    <ClCompile Include="..\..\lib\libtorrent\src\cpuid.cpp">
      <Filter>Source Files</Filter>
    </ClCompile>
    <ClCompile Include="..\..\lib\libtorrent\src\crc32c.cpp">
      <Filter>Source Files</Filter>
    </ClCompile>
    <ClCompile Include="..\..\lib\libtorrent\src\create_torrent.cpp">
      <Filter>Source Files</Filter>
    </ClCompile>
    <ClCompile Include="..\..\lib\libtorrent\src\disk_buffer_holder.cpp">
      <Filter>Source Files</Filter>
    </ClCompile>
    <ClCompile Include="..\..\lib\libtorrent\src\disk_buffer_pool.cpp">
      <Filter>Source Files</Filter>
    </ClCompile>
    <ClCompile Include="..\..\lib\libtorrent\src\disk_io_job.cpp">
      <Filter>Source Files</Filter>
    </ClCompile>
    <ClCompile Include="..\..\lib\libtorrent\src\disk_io_thread.cpp">
      <Filter>Source Files</Filter>
    </ClCompile>
    <ClCompile Include="..\..\lib\libtorrent\src\disk_job_pool.cpp">
      <Filter>Source Files</Filter>
    </ClCompile>
    <ClCompile Include="..\..\lib\libtorrent\src\entry.cpp">
      <Filter>Source Files</Filter>
    </ClCompile>
    <ClCompile Include="..\..\lib\libtorrent\src\enum_net.cpp">
      <Filter>Source Files</Filter>
    </ClCompile>
    <ClCompile Include="..\..\lib\libtorrent\src\error_code.cpp">
      <Filter>Source Files</Filter>
    </ClCompile>
    <ClCompile Include="..\..\lib\libtorrent\src\escape_string.cpp">
      <Filter>Source Files</Filter>
    </ClCompile>
    <ClCompile Include="..\..\lib\libtorrent\src\file.cpp">
      <Filter>Source Files</Filter>
    </ClCompile>
    <ClCompile Include="..\..\lib\libtorrent\src\file_pool.cpp">
      <Filter>Source Files</Filter>
    </ClCompile>
    <ClCompile Include="..\..\lib\libtorrent\src\file_progress.cpp">
      <Filter>Source Files</Filter>
    </ClCompile>
    <ClCompile Include="..\..\lib\libtorrent\src\file_storage.cpp">
      <Filter>Source Files</Filter>
    </ClCompile>
    <ClCompile Include="..\..\lib\libtorrent\src\fingerprint.cpp">
      <Filter>Source Files</Filter>
    </ClCompile>
    <ClCompile Include="..\..\lib\libtorrent\src\gzip.cpp">
      <Filter>Source Files</Filter>
    </ClCompile>
    <ClCompile Include="..\..\lib\libtorrent\src\hasher.cpp">
      <Filter>Source Files</Filter>
    </ClCompile>
    <ClCompile Include="..\..\lib\libtorrent\src\hex.cpp">
      <Filter>Source Files</Filter>
    </ClCompile>
    <ClCompile Include="..\..\lib\libtorrent\src\http_connection.cpp">
      <Filter>Source Files</Filter>
    </ClCompile>
    <ClCompile Include="..\..\lib\libtorrent\src\http_parser.cpp">
      <Filter>Source Files</Filter>
    </ClCompile>
    <ClCompile Include="..\..\lib\libtorrent\src\http_seed_connection.cpp">
      <Filter>Source Files</Filter>
    </ClCompile>
    <ClCompile Include="..\..\lib\libtorrent\src\http_stream.cpp">
      <Filter>Source Files</Filter>
    </ClCompile>
    <ClCompile Include="..\..\lib\libtorrent\src\http_tracker_connection.cpp">
      <Filter>Source Files</Filter>
    </ClCompile>
    <ClCompile Include="..\..\lib\libtorrent\src\i2p_stream.cpp">
      <Filter>Source Files</Filter>
    </ClCompile>
    <ClCompile Include="..\..\lib\libtorrent\src\identify_client.cpp">
      <Filter>Source Files</Filter>
    </ClCompile>
    <ClCompile Include="..\..\lib\libtorrent\src\instantiate_connection.cpp">
      <Filter>Source Files</Filter>
    </ClCompile>
    <ClCompile Include="..\..\lib\libtorrent\src\ip_filter.cpp">
      <Filter>Source Files</Filter>
    </ClCompile>
    <ClCompile Include="..\..\lib\libtorrent\src\ip_voter.cpp">
      <Filter>Source Files</Filter>
    </ClCompile>
    <ClCompile Include="..\..\lib\libtorrent\src\lazy_bdecode.cpp">
      <Filter>Source Files</Filter>
    </ClCompile>
    <ClCompile Include="..\..\lib\libtorrent\src\lsd.cpp">
      <Filter>Source Files</Filter>
    </ClCompile>
    <ClCompile Include="..\..\lib\libtorrent\src\lt_trackers.cpp">
      <Filter>Source Files</Filter>
    </ClCompile>
    <ClCompile Include="..\..\lib\libtorrent\src\magnet_uri.cpp">
      <Filter>Source Files</Filter>
    </ClCompile>
    <ClCompile Include="..\..\lib\libtorrent\src\merkle.cpp">
      <Filter>Source Files</Filter>
    </ClCompile>
    <ClCompile Include="..\..\lib\libtorrent\src\metadata_transfer.cpp">
      <Filter>Source Files</Filter>
    </ClCompile>
    <ClCompile Include="..\..\lib\libtorrent\src\mpi.cpp">
      <Filter>Source Files</Filter>
    </ClCompile>
    <ClCompile Include="..\..\lib\libtorrent\src\natpmp.cpp">
      <Filter>Source Files</Filter>
    </ClCompile>
    <ClCompile Include="..\..\lib\libtorrent\src\packet_buffer.cpp">
      <Filter>Source Files</Filter>
    </ClCompile>
    <ClCompile Include="..\..\lib\libtorrent\src\parse_url.cpp">
      <Filter>Source Files</Filter>
    </ClCompile>
    <ClCompile Include="..\..\lib\libtorrent\src\part_file.cpp">
      <Filter>Source Files</Filter>
    </ClCompile>
    <ClCompile Include="..\..\lib\libtorrent\src\pe_crypto.cpp">
      <Filter>Source Files</Filter>
    </ClCompile>
    <ClCompile Include="..\..\lib\libtorrent\src\peer_class.cpp">
      <Filter>Source Files</Filter>
    </ClCompile>
    <ClCompile Include="..\..\lib\libtorrent\src\peer_class_set.cpp">
      <Filter>Source Files</Filter>
    </ClCompile>
    <ClCompile Include="..\..\lib\libtorrent\src\peer_connection.cpp">
      <Filter>Source Files</Filter>
    </ClCompile>
    <ClCompile Include="..\..\lib\libtorrent\src\peer_connection_handle.cpp">
      <Filter>Source Files</Filter>
    </ClCompile>
    <ClCompile Include="..\..\lib\libtorrent\src\peer_list.cpp">
      <Filter>Source Files</Filter>
    </ClCompile>
    <ClCompile Include="..\..\lib\libtorrent\src\performance_counters.cpp">
      <Filter>Source Files</Filter>
    </ClCompile>
    <ClCompile Include="..\..\lib\libtorrent\src\piece_picker.cpp">
      <Filter>Source Files</Filter>
    </ClCompile>
    <ClCompile Include="..\..\lib\libtorrent\src\platform_util.cpp">
      <Filter>Source Files</Filter>
    </ClCompile>
    <ClCompile Include="..\..\lib\libtorrent\src\proxy_base.cpp">
      <Filter>Source Files</Filter>
    </ClCompile>
    <ClCompile Include="..\..\lib\libtorrent\src\proxy_settings.cpp">
      <Filter>Source Files</Filter>
    </ClCompile>
    <ClCompile Include="..\..\lib\libtorrent\src\puff.cpp">
      <Filter>Source Files</Filter>
    </ClCompile>
    <ClCompile Include="..\..\lib\libtorrent\src\random.cpp">
      <Filter>Source Files</Filter>
    </ClCompile>
    <ClCompile Include="..\..\lib\libtorrent\src\receive_buffer.cpp">
      <Filter>Source Files</Filter>
    </ClCompile>
    <ClCompile Include="..\..\lib\libtorrent\src\request_blocks.cpp">
      <Filter>Source Files</Filter>
    </ClCompile>
    <ClCompile Include="..\..\lib\libtorrent\src\resolve_links.cpp">
      <Filter>Source Files</Filter>
    </ClCompile>
    <ClCompile Include="..\..\lib\libtorrent\src\resolver.cpp">
      <Filter>Source Files</Filter>
    </ClCompile>
    <ClCompile Include="..\..\lib\libtorrent\src\rss.cpp">
      <Filter>Source Files</Filter>
    </ClCompile>
    <ClCompile Include="..\..\lib\libtorrent\src\session.cpp">
      <Filter>Source Files</Filter>
    </ClCompile>
    <ClCompile Include="..\..\lib\libtorrent\src\session_call.cpp">
      <Filter>Source Files</Filter>
    </ClCompile>
    <ClCompile Include="..\..\lib\libtorrent\src\session_handle.cpp">
      <Filter>Source Files</Filter>
    </ClCompile>
    <ClCompile Include="..\..\lib\libtorrent\src\session_impl.cpp">
      <Filter>Source Files</Filter>
    </ClCompile>
    <ClCompile Include="..\..\lib\libtorrent\src\session_settings.cpp">
      <Filter>Source Files</Filter>
    </ClCompile>
    <ClCompile Include="..\..\lib\libtorrent\src\session_stats.cpp">
      <Filter>Source Files</Filter>
    </ClCompile>
    <ClCompile Include="..\..\lib\libtorrent\src\settings_pack.cpp">
      <Filter>Source Files</Filter>
    </ClCompile>
    <ClCompile Include="..\..\lib\libtorrent\src\sha1.cpp">
      <Filter>Source Files</Filter>
    </ClCompile>
    <ClCompile Include="..\..\lib\libtorrent\src\smart_ban.cpp">
      <Filter>Source Files</Filter>
    </ClCompile>
    <ClCompile Include="..\..\lib\libtorrent\src\socket_io.cpp">
      <Filter>Source Files</Filter>
    </ClCompile>
    <ClCompile Include="..\..\lib\libtorrent\src\socket_type.cpp">
      <Filter>Source Files</Filter>
    </ClCompile>
    <ClCompile Include="..\..\lib\libtorrent\src\socks5_stream.cpp">
      <Filter>Source Files</Filter>
    </ClCompile>
    <ClCompile Include="..\..\lib\libtorrent\src\stat.cpp">
      <Filter>Source Files</Filter>
    </ClCompile>
    <ClCompile Include="..\..\lib\libtorrent\src\stat_cache.cpp">
      <Filter>Source Files</Filter>
    </ClCompile>
    <ClCompile Include="..\..\lib\libtorrent\src\storage.cpp">
      <Filter>Source Files</Filter>
    </ClCompile>
    <ClCompile Include="..\..\lib\libtorrent\src\string_util.cpp">
      <Filter>Source Files</Filter>
    </ClCompile>
    <ClCompile Include="..\..\lib\libtorrent\src\tailqueue.cpp">
      <Filter>Source Files</Filter>
    </ClCompile>
  </ItemGroup>
</Project>