
Microsoft Visual Studio Solution File, Format Version 10.00
# Visual Studio 2008
Project("{8BC9CEB8-8B4A-11D0-8D11-00A0C91BC942}") = "Halite", "sln\Halite\Halite.vcproj", "{ED987C84-FFF9-4656-8F27-2A65FC0847FD}"
	ProjectSection(ProjectDependencies) = postProject
		{333ECB6F-575B-4B11-BDDA-3E7F7555BAD8} = {333ECB6F-575B-4B11-BDDA-3E7F7555BAD8}
	EndProjectSection
EndProject
Project("{8BC9CEB8-8B4A-11D0-8D11-00A0C91BC942}") = "libtorrent", "sln\libtorrent\libtorrent.vcproj", "{333ECB6F-575B-4B11-BDDA-3E7F7555BAD8}"
EndProject
Project("{930C7802-8A8C-48F9-8165-68863BCCD9DD}") = "HaliteWix", "sln\HaliteWix\HaliteWix.wixproj", "{96B9F803-98BB-4398-A0B6-77AB9143222F}"
EndProject
Global
	GlobalSection(SolutionConfigurationPlatforms) = preSolution
		Debug|Win32 = Debug|Win32
		Debug|x64 = Debug|x64
		Debug|x86 = Debug|x86
		Release Logging|Win32 = Release Logging|Win32
		Release Logging|x64 = Release Logging|x64
		Release Logging|x86 = Release Logging|x86
		Release|Win32 = Release|Win32
		Release|x64 = Release|x64
		Release|x86 = Release|x86
	EndGlobalSection
	GlobalSection(ProjectConfigurationPlatforms) = postSolution
		{ED987C84-FFF9-4656-8F27-2A65FC0847FD}.Debug|Win32.ActiveCfg = Debug|Win32
		{ED987C84-FFF9-4656-8F27-2A65FC0847FD}.Debug|Win32.Build.0 = Debug|Win32
		{ED987C84-FFF9-4656-8F27-2A65FC0847FD}.Debug|x64.ActiveCfg = Debug|x64
		{ED987C84-FFF9-4656-8F27-2A65FC0847FD}.Debug|x64.Build.0 = Debug|x64
		{ED987C84-FFF9-4656-8F27-2A65FC0847FD}.Debug|x86.ActiveCfg = Debug|x64
		{ED987C84-FFF9-4656-8F27-2A65FC0847FD}.Release Logging|Win32.ActiveCfg = Release Logging|Win32
		{ED987C84-FFF9-4656-8F27-2A65FC0847FD}.Release Logging|Win32.Build.0 = Release Logging|Win32
		{ED987C84-FFF9-4656-8F27-2A65FC0847FD}.Release Logging|x64.ActiveCfg = Release Logging|x64
		{ED987C84-FFF9-4656-8F27-2A65FC0847FD}.Release Logging|x64.Build.0 = Release Logging|x64
		{ED987C84-FFF9-4656-8F27-2A65FC0847FD}.Release Logging|x86.ActiveCfg = Release Logging|x64
		{ED987C84-FFF9-4656-8F27-2A65FC0847FD}.Release|Win32.ActiveCfg = Release|Win32
		{ED987C84-FFF9-4656-8F27-2A65FC0847FD}.Release|Win32.Build.0 = Release|Win32
		{ED987C84-FFF9-4656-8F27-2A65FC0847FD}.Release|x64.ActiveCfg = Release|x64
		{ED987C84-FFF9-4656-8F27-2A65FC0847FD}.Release|x64.Build.0 = Release|x64
		{ED987C84-FFF9-4656-8F27-2A65FC0847FD}.Release|x86.ActiveCfg = Release|Win32
		{ED987C84-FFF9-4656-8F27-2A65FC0847FD}.Release|x86.Build.0 = Release|Win32
		{333ECB6F-575B-4B11-BDDA-3E7F7555BAD8}.Debug|Win32.ActiveCfg = Debug|Win32
		{333ECB6F-575B-4B11-BDDA-3E7F7555BAD8}.Debug|Win32.Build.0 = Debug|Win32
		{333ECB6F-575B-4B11-BDDA-3E7F7555BAD8}.Debug|x64.ActiveCfg = Debug|x64
		{333ECB6F-575B-4B11-BDDA-3E7F7555BAD8}.Debug|x64.Build.0 = Debug|x64
		{333ECB6F-575B-4B11-BDDA-3E7F7555BAD8}.Debug|x86.ActiveCfg = Debug|x64
		{333ECB6F-575B-4B11-BDDA-3E7F7555BAD8}.Release Logging|Win32.ActiveCfg = Release Logging|Win32
		{333ECB6F-575B-4B11-BDDA-3E7F7555BAD8}.Release Logging|Win32.Build.0 = Release Logging|Win32
		{333ECB6F-575B-4B11-BDDA-3E7F7555BAD8}.Release Logging|x64.ActiveCfg = Release Logging|x64
		{333ECB6F-575B-4B11-BDDA-3E7F7555BAD8}.Release Logging|x64.Build.0 = Release Logging|x64
		{333ECB6F-575B-4B11-BDDA-3E7F7555BAD8}.Release Logging|x86.ActiveCfg = Release Logging|x64
		{333ECB6F-575B-4B11-BDDA-3E7F7555BAD8}.Release|Win32.ActiveCfg = Release|Win32
		{333ECB6F-575B-4B11-BDDA-3E7F7555BAD8}.Release|Win32.Build.0 = Release|Win32
		{333ECB6F-575B-4B11-BDDA-3E7F7555BAD8}.Release|x64.ActiveCfg = Release|x64
		{333ECB6F-575B-4B11-BDDA-3E7F7555BAD8}.Release|x64.Build.0 = Release|x64
		{333ECB6F-575B-4B11-BDDA-3E7F7555BAD8}.Release|x86.ActiveCfg = Release|Win32
		{333ECB6F-575B-4B11-BDDA-3E7F7555BAD8}.Release|x86.Build.0 = Release|Win32
		{96B9F803-98BB-4398-A0B6-77AB9143222F}.Debug|Win32.ActiveCfg = Debug|x86
		{96B9F803-98BB-4398-A0B6-77AB9143222F}.Debug|x64.ActiveCfg = Debug|x64
		{96B9F803-98BB-4398-A0B6-77AB9143222F}.Debug|x86.ActiveCfg = Debug|x86
		{96B9F803-98BB-4398-A0B6-77AB9143222F}.Debug|x86.Build.0 = Debug|x86
		{96B9F803-98BB-4398-A0B6-77AB9143222F}.Release Logging|Win32.ActiveCfg = Release|x86
		{96B9F803-98BB-4398-A0B6-77AB9143222F}.Release Logging|Win32.Build.0 = Release|x86
		{96B9F803-98BB-4398-A0B6-77AB9143222F}.Release Logging|x64.ActiveCfg = Release|x64
		{96B9F803-98BB-4398-A0B6-77AB9143222F}.Release Logging|x64.Build.0 = Release|x64
		{96B9F803-98BB-4398-A0B6-77AB9143222F}.Release Logging|x86.ActiveCfg = Release|x86
		{96B9F803-98BB-4398-A0B6-77AB9143222F}.Release Logging|x86.Build.0 = Release|x86
		{96B9F803-98BB-4398-A0B6-77AB9143222F}.Release|Win32.ActiveCfg = Release|x86
		{96B9F803-98BB-4398-A0B6-77AB9143222F}.Release|Win32.Build.0 = Release|x86
		{96B9F803-98BB-4398-A0B6-77AB9143222F}.Release|x64.ActiveCfg = Release|x64
		{96B9F803-98BB-4398-A0B6-77AB9143222F}.Release|x64.Build.0 = Release|x64
		{96B9F803-98BB-4398-A0B6-77AB9143222F}.Release|x86.ActiveCfg = Release|Win32
		{96B9F803-98BB-4398-A0B6-77AB9143222F}.Release|x86.Build.0 = Release|Win32
	EndGlobalSection
	GlobalSection(SolutionProperties) = preSolution
		HideSolutionNode = FALSE
	EndGlobalSection
EndGlobal
