<?xml version="1.0" encoding="utf-8"?>
<Project ToolsVersion="4.0" xmlns="http://schemas.microsoft.com/developer/msbuild/2003">
  <ItemGroup>
    <Filter Include="Source Files">
      <UniqueIdentifier>{4FC737F1-C7A5-4376-A066-2A32D752A2FF}</UniqueIdentifier>
      <Extensions>cpp;c;cc;cxx;def;odl;idl;hpj;bat;asm;asmx</Extensions>
    </Filter>
    <Filter Include="Header Files">
      <UniqueIdentifier>{93995380-89BD-4b04-88EB-625FBE52EBFB}</UniqueIdentifier>
      <Extensions>h;hh;hpp;hxx;hm;inl;inc;xsd</Extensions>
    </Filter>
    <Filter Include="Resource Files">
      <UniqueIdentifier>{67DA6AB6-F800-4c08-8B7A-83BB121AAD01}</UniqueIdentifier>
      <Extensions>rc;ico;cur;bmp;dlg;rc2;rct;bin;rgs;gif;jpg;jpeg;jpe;resx;tiff;tif;png;wav;mfcribbon-ms</Extensions>
    </Filter>
    <Filter Include="Source Files\WTLx">
      <UniqueIdentifier>{3e7f74f3-de62-4432-81f1-2f4cc37e79af}</UniqueIdentifier>
    </Filter>
    <Filter Include="Source Files\Advanced Tabs">
      <UniqueIdentifier>{0e19534a-1acc-4b3a-be01-2f17fb3b69fb}</UniqueIdentifier>
    </Filter>
    <Filter Include="Source Files\Auxiliary">
      <UniqueIdentifier>{07a451d8-82e3-448f-95bf-19148be7e1f6}</UniqueIdentifier>
    </Filter>
  </ItemGroup>
  <ItemGroup>
    <ClCompile Include="..\..\src\AdvHaliteDialog.cpp">
      <Filter>Source Files</Filter>
    </ClCompile>
    <ClCompile Include="..\..\src\ConfigOptions.cpp">
      <Filter>Source Files</Filter>
    </ClCompile>
    <ClCompile Include="..\..\src\Halite.cpp">
      <Filter>Source Files</Filter>
    </ClCompile>
    <ClCompile Include="..\..\src\HaliteDialog.cpp">
      <Filter>Source Files</Filter>
    </ClCompile>
    <ClCompile Include="..\..\src\HaliteListView.cpp">
      <Filter>Source Files</Filter>
    </ClCompile>
    <ClCompile Include="..\..\src\HaliteWindow.cpp">
      <Filter>Source Files</Filter>
    </ClCompile>
    <ClCompile Include="..\..\src\NewTorrentDialog.cpp">
      <Filter>Source Files</Filter>
    </ClCompile>
    <ClCompile Include="..\..\src\NewTorrentPeers.cpp">
      <Filter>Source Files</Filter>
    </ClCompile>
    <ClCompile Include="..\..\src\NewTorrentTracker.cpp">
      <Filter>Source Files</Filter>
    </ClCompile>
    <ClCompile Include="..\..\src\stdAfx.cpp">
      <Filter>Source Files</Filter>
    </ClCompile>
    <ClCompile Include="..\..\src\UxthemeWrapper.cpp">
      <Filter>Source Files</Filter>
    </ClCompile>
    <ClCompile Include="..\..\src\win32_exception.cpp">
      <Filter>Source Files</Filter>
    </ClCompile>
    <ClCompile Include="..\..\src\WTLx\NTray.cpp">
      <Filter>Source Files\WTLx</Filter>
    </ClCompile>
    <ClCompile Include="..\..\src\global\logger.cpp">
      <Filter>Source Files\Auxiliary</Filter>
    </ClCompile>
    <ClCompile Include="..\..\src\global\string_conv.cpp">
      <Filter>Source Files\Auxiliary</Filter>
    </ClCompile>
    <ClCompile Include="..\..\src\global\work_file.cpp">
      <Filter>Source Files\Auxiliary</Filter>
    </ClCompile>
    <ClCompile Include="..\..\src\global\wtl_app.cpp">
      <Filter>Source Files\Auxiliary</Filter>
    </ClCompile>
    <ClCompile Include="..\..\src\advtabs\Debug.cpp">
      <Filter>Source Files\Advanced Tabs</Filter>
    </ClCompile>
    <ClCompile Include="..\..\src\advtabs\Files.cpp">
      <Filter>Source Files\Advanced Tabs</Filter>
    </ClCompile>
    <ClCompile Include="..\..\src\advtabs\Peers.cpp">
      <Filter>Source Files\Advanced Tabs</Filter>
    </ClCompile>
    <ClCompile Include="..\..\src\advtabs\Torrent.cpp">
      <Filter>Source Files\Advanced Tabs</Filter>
    </ClCompile>
    <ClCompile Include="..\..\src\advtabs\Tracker.cpp">
      <Filter>Source Files\Advanced Tabs</Filter>
    </ClCompile>
    <ClCompile Include="..\..\src\advtabs\TrackerListView.cpp">
      <Filter>Source Files\Advanced Tabs</Filter>
    </ClCompile>
    <ClCompile Include="..\..\src\advtabs\WebSeeds.cpp">
      <Filter>Source Files\Advanced Tabs</Filter>
    </ClCompile>
  </ItemGroup>
  <ItemGroup>
    <ClInclude Include="..\..\res\afxres.h">
      <Filter>Resource Files</Filter>
    </ClInclude>
    <ClInclude Include="..\..\res\resource.h">
      <Filter>Resource Files</Filter>
    </ClInclude>
  </ItemGroup>
  <ItemGroup>
    <Image Include="..\..\res\Halite.ico">
      <Filter>Resource Files</Filter>
    </Image>
    <Image Include="..\..\res\toolbar.bmp">
      <Filter>Resource Files</Filter>
    </Image>
  </ItemGroup>
  <ItemGroup>
    <ResourceCompile Include="..\..\res\Halite.rc">
      <Filter>Resource Files</Filter>
    </ResourceCompile>
  </ItemGroup>
  <ItemGroup>
    <Xml Include="..\..\res\Manifest.xml">
      <Filter>Resource Files</Filter>
    </Xml>
  </ItemGroup>
</Project>